<?xml version="1.0" encoding="utf-8"?>
<Project ToolsVersion="4.0" xmlns="http://schemas.microsoft.com/developer/msbuild/2003">
  <ItemGroup>
    <Filter Include="02. Main">
      <UniqueIdentifier>{a6c1a83b-c9cd-4b59-8815-917bd46a9344}</UniqueIdentifier>
    </Filter>
    <Filter Include="01. 리소스 파일">
      <UniqueIdentifier>{67DA6AB6-F800-4c08-8B7A-83BB121AAD01}</UniqueIdentifier>
      <Extensions>rc;ico;cur;bmp;dlg;rc2;rct;bin;rgs;gif;jpg;jpeg;jpe;resx;tiff;tif;png;wav;mfcribbon-ms</Extensions>
    </Filter>
    <Filter Include="03. Game">
      <UniqueIdentifier>{58e6f517-bf58-47d3-9d4f-e80011b7b9f7}</UniqueIdentifier>
    </Filter>
    <Filter Include="03. Game\01. Header">
      <UniqueIdentifier>{d8e04ed8-c325-4fba-a649-344b251fcddc}</UniqueIdentifier>
    </Filter>
    <Filter Include="03. Game\02. Engine">
      <UniqueIdentifier>{e57c3e76-57e3-4138-bd8c-b97e30e012e1}</UniqueIdentifier>
    </Filter>
    <Filter Include="03. Game\03. Manager">
      <UniqueIdentifier>{1c08b5ee-3682-44c0-889e-f5b536342d82}</UniqueIdentifier>
    </Filter>
    <Filter Include="03. Game\04. Level">
      <UniqueIdentifier>{cb12d06f-df98-4c17-9339-b64b9e8b3388}</UniqueIdentifier>
    </Filter>
    <Filter Include="03. Game\05. Object">
      <UniqueIdentifier>{97c2a1ab-7064-4b21-98ac-fa322ffb95e0}</UniqueIdentifier>
    </Filter>
    <Filter Include="03. Game\06. Component">
      <UniqueIdentifier>{eef07274-25dd-46f8-9026-74d975c7fae7}</UniqueIdentifier>
    </Filter>
    <Filter Include="03. Game\07. Asset">
      <UniqueIdentifier>{b89d56f0-f5a1-40bd-9145-c3985d93dbd5}</UniqueIdentifier>
    </Filter>
    <Filter Include="03. Game\08. Module">
      <UniqueIdentifier>{4ee0d98e-a57d-4d93-8b5a-e2d7f48aaf46}</UniqueIdentifier>
    </Filter>
    <Filter Include="03. Game\04. Level\01. Start_Logo">
      <UniqueIdentifier>{060c9327-902f-4c2c-a0f5-3af3d2dfb754}</UniqueIdentifier>
    </Filter>
    <Filter Include="03. Game\04. Level\02. Editor">
      <UniqueIdentifier>{b2057e5c-14ef-4d07-95a6-acea35de00fc}</UniqueIdentifier>
    </Filter>
    <Filter Include="03. Game\04. Level\03. Stage01">
      <UniqueIdentifier>{7a9de9f3-26f3-404c-9a8f-f6efc8f73dff}</UniqueIdentifier>
    </Filter>
    <Filter Include="03. Game\05. Object\Missile">
      <UniqueIdentifier>{90a2e921-b1cb-4cdf-80f2-a23562480524}</UniqueIdentifier>
    </Filter>
    <Filter Include="03. Game\06. Component\01. Collider">
      <UniqueIdentifier>{ee430b37-98f2-41b0-ba84-de988aeb4b71}</UniqueIdentifier>
    </Filter>
    <Filter Include="03. Game\06. Component\02. Animator">
      <UniqueIdentifier>{711fe424-9b9b-41de-852c-08ac508ab974}</UniqueIdentifier>
    </Filter>
    <Filter Include="03. Game\06. Component\03. Rigidbody">
      <UniqueIdentifier>{ab2104a5-7076-49d0-804b-7dd471e6b3d8}</UniqueIdentifier>
    </Filter>
    <Filter Include="03. Game\05. Object\Tile">
      <UniqueIdentifier>{d15c0527-03ea-4b38-8a0c-2e279cf51ff5}</UniqueIdentifier>
    </Filter>
    <Filter Include="03. Game\05. Object\UI">
      <UniqueIdentifier>{9f4156f9-f6bc-4d96-ab4c-38de7a7264c1}</UniqueIdentifier>
    </Filter>
    <Filter Include="03. Game\05. Object\Player">
      <UniqueIdentifier>{387927ba-5ae7-4818-8912-46de0bdd54c9}</UniqueIdentifier>
    </Filter>
    <Filter Include="03. Game\05. Object\Monster">
      <UniqueIdentifier>{140961b4-6256-481f-a9d8-5cd1121e3d61}</UniqueIdentifier>
    </Filter>
    <Filter Include="03. Game\06. Component\04. FSM">
      <UniqueIdentifier>{542c66a8-eb3d-4daf-b573-156f59767132}</UniqueIdentifier>
    </Filter>
    <Filter Include="03. Game\03. Manager\07. DbgRender">
      <UniqueIdentifier>{e25b869f-60eb-4461-8442-ce0899c5783d}</UniqueIdentifier>
    </Filter>
    <Filter Include="03. Game\03. Manager\01. TimeMgr">
      <UniqueIdentifier>{e5f3fc35-8e2e-4e9e-a0cb-0738d5ebe983}</UniqueIdentifier>
    </Filter>
    <Filter Include="03. Game\03. Manager\02. KeyMgr">
      <UniqueIdentifier>{50fcc41c-96f1-47d4-9eb8-88f075e0a903}</UniqueIdentifier>
    </Filter>
    <Filter Include="03. Game\03. Manager\03. AssetMgr">
      <UniqueIdentifier>{070b1ecf-af0a-4a54-9d5c-4bcd5f6033ab}</UniqueIdentifier>
    </Filter>
    <Filter Include="03. Game\07. Asset\Texture">
      <UniqueIdentifier>{8754dae9-11e8-40b3-bdf2-376f58114890}</UniqueIdentifier>
    </Filter>
    <Filter Include="03. Game\07. Asset\Sound">
      <UniqueIdentifier>{9ce71e80-4f2f-4d7a-9a74-65951a7584b5}</UniqueIdentifier>
    </Filter>
    <Filter Include="03. Game\03. Manager\05. LevelMgr">
      <UniqueIdentifier>{32221453-8fa2-46da-be38-ad3c0e07d260}</UniqueIdentifier>
    </Filter>
    <Filter Include="03. Game\03. Manager\06. CollisionMgr">
      <UniqueIdentifier>{9f43c80c-a177-482f-a6be-ac1ff71cd396}</UniqueIdentifier>
    </Filter>
    <Filter Include="03. Game\03. Manager\04. PathMgr">
      <UniqueIdentifier>{0c8ce007-f76b-46e0-8810-936dba351cdd}</UniqueIdentifier>
    </Filter>
    <Filter Include="03. Game\03. Manager\08. TaskMgr">
      <UniqueIdentifier>{1a02e56f-1a36-4a45-913b-832d4ac31aae}</UniqueIdentifier>
    </Filter>
    <Filter Include="03. Game\05. Object\Missile\GuideMissile">
      <UniqueIdentifier>{1e990868-0c14-49f4-94aa-a047d0fdcae3}</UniqueIdentifier>
    </Filter>
  </ItemGroup>
  <ItemGroup>
    <ClInclude Include="targetver.h">
      <Filter>02. Main</Filter>
    </ClInclude>
    <ClInclude Include="framework.h">
      <Filter>02. Main</Filter>
    </ClInclude>
    <ClInclude Include="GameClient.h">
      <Filter>02. Main</Filter>
    </ClInclude>
    <ClInclude Include="Resource.h">
      <Filter>02. Main</Filter>
    </ClInclude>
    <ClInclude Include="qEntity.h">
      <Filter>03. Game</Filter>
    </ClInclude>
    <ClInclude Include="pch.h">
      <Filter>02. Main</Filter>
    </ClInclude>
    <ClInclude Include="qObj.h">
      <Filter>03. Game\05. Object</Filter>
    </ClInclude>
    <ClInclude Include="qEngine.h">
      <Filter>03. Game\02. Engine</Filter>
    </ClInclude>
    <ClInclude Include="define.h">
      <Filter>03. Game\01. Header</Filter>
    </ClInclude>
    <ClInclude Include="enum.h">
      <Filter>03. Game\01. Header</Filter>
    </ClInclude>
    <ClInclude Include="qSelectObj.h">
      <Filter>03. Game\08. Module</Filter>
    </ClInclude>
    <ClInclude Include="qLevel.h">
      <Filter>03. Game\04. Level</Filter>
    </ClInclude>
    <ClInclude Include="qLevelMgr.h">
      <Filter>03. Game\03. Manager\05. LevelMgr</Filter>
    </ClInclude>
    <ClInclude Include="struct.h">
      <Filter>03. Game\01. Header</Filter>
    </ClInclude>
    <ClInclude Include="qTimeMgr.h">
      <Filter>03. Game\03. Manager\01. TimeMgr</Filter>
    </ClInclude>
    <ClInclude Include="qLevel_Stage01.h">
      <Filter>03. Game\04. Level\03. Stage01</Filter>
    </ClInclude>
    <ClInclude Include="qPlayer.h">
      <Filter>03. Game\05. Object\Player</Filter>
    </ClInclude>
    <ClInclude Include="qMissile.h">
      <Filter>03. Game\05. Object\Missile</Filter>
    </ClInclude>
    <ClInclude Include="qKeyMgr.h">
      <Filter>03. Game\03. Manager\02. KeyMgr</Filter>
    </ClInclude>
    <ClInclude Include="qComponent.h">
      <Filter>03. Game\06. Component</Filter>
    </ClInclude>
    <ClInclude Include="qCollider.h">
      <Filter>03. Game\06. Component\01. Collider</Filter>
    </ClInclude>
    <ClInclude Include="qAnimator.h">
      <Filter>03. Game\06. Component\02. Animator</Filter>
    </ClInclude>
    <ClInclude Include="qRigidbody.h">
      <Filter>03. Game\06. Component\03. Rigidbody</Filter>
    </ClInclude>
    <ClInclude Include="qFSM.h">
      <Filter>03. Game\06. Component\04. FSM</Filter>
    </ClInclude>
    <ClInclude Include="qDbgRender.h">
      <Filter>03. Game\03. Manager\07. DbgRender</Filter>
    </ClInclude>
    <ClInclude Include="func.h">
      <Filter>03. Game\01. Header</Filter>
    </ClInclude>
    <ClInclude Include="qMonster.h">
      <Filter>03. Game\05. Object\Monster</Filter>
    </ClInclude>
    <ClInclude Include="qCollisionMgr.h">
      <Filter>03. Game\03. Manager\06. CollisionMgr</Filter>
    </ClInclude>
    <ClInclude Include="qAsset.h">
      <Filter>03. Game\07. Asset</Filter>
    </ClInclude>
    <ClInclude Include="qSound.h">
      <Filter>03. Game\07. Asset\Sound</Filter>
    </ClInclude>
    <ClInclude Include="qTexture.h">
      <Filter>03. Game\07. Asset\Texture</Filter>
    </ClInclude>
    <ClInclude Include="qAssetMgr.h">
      <Filter>03. Game\03. Manager\03. AssetMgr</Filter>
    </ClInclude>
    <ClInclude Include="qPathMgr.h">
      <Filter>03. Game\03. Manager\04. PathMgr</Filter>
    </ClInclude>
    <ClInclude Include="qTaskMgr.h">
      <Filter>03. Game\03. Manager\08. TaskMgr</Filter>
    </ClInclude>
    <ClInclude Include="qGuideMissile.h">
      <Filter>03. Game\05. Object\Missile\GuideMissile</Filter>
    </ClInclude>
  </ItemGroup>
  <ItemGroup>
    <ResourceCompile Include="GameClient.rc">
      <Filter>01. 리소스 파일</Filter>
    </ResourceCompile>
  </ItemGroup>
  <ItemGroup>
    <Image Include="small.ico">
      <Filter>01. 리소스 파일</Filter>
    </Image>
    <Image Include="GameClient.ico">
      <Filter>01. 리소스 파일</Filter>
    </Image>
  </ItemGroup>
  <ItemGroup>
    <ClCompile Include="main.cpp">
      <Filter>02. Main</Filter>
    </ClCompile>
    <ClCompile Include="qEntity.cpp">
      <Filter>03. Game</Filter>
    </ClCompile>
    <ClCompile Include="pch.cpp">
      <Filter>02. Main</Filter>
    </ClCompile>
    <ClCompile Include="qObj.cpp">
      <Filter>03. Game\05. Object</Filter>
    </ClCompile>
    <ClCompile Include="qEngine.cpp">
      <Filter>03. Game\02. Engine</Filter>
    </ClCompile>
    <ClCompile Include="qSelectObj.cpp">
      <Filter>03. Game\08. Module</Filter>
    </ClCompile>
    <ClCompile Include="qLevel.cpp">
      <Filter>03. Game\04. Level</Filter>
    </ClCompile>
    <ClCompile Include="qLevelMgr.cpp">
      <Filter>03. Game\03. Manager\05. LevelMgr</Filter>
    </ClCompile>
    <ClCompile Include="qTimeMgr.cpp">
      <Filter>03. Game\03. Manager\01. TimeMgr</Filter>
    </ClCompile>
    <ClCompile Include="qLevel_Stage01.cpp">
      <Filter>03. Game\04. Level\03. Stage01</Filter>
    </ClCompile>
    <ClCompile Include="qPlayer.cpp">
      <Filter>03. Game\05. Object\Player</Filter>
    </ClCompile>
    <ClCompile Include="qMissile.cpp">
      <Filter>03. Game\05. Object\Missile</Filter>
    </ClCompile>
    <ClCompile Include="qKeyMgr.cpp">
      <Filter>03. Game\03. Manager\02. KeyMgr</Filter>
    </ClCompile>
    <ClCompile Include="qComponent.cpp">
      <Filter>03. Game\06. Component</Filter>
    </ClCompile>
    <ClCompile Include="qCollider.cpp">
      <Filter>03. Game\06. Component\01. Collider</Filter>
    </ClCompile>
    <ClCompile Include="qAnimator.cpp">
      <Filter>03. Game\06. Component\02. Animator</Filter>
    </ClCompile>
    <ClCompile Include="qRigidbody.cpp">
      <Filter>03. Game\06. Component\03. Rigidbody</Filter>
    </ClCompile>
    <ClCompile Include="qFSM.cpp">
      <Filter>03. Game\06. Component\04. FSM</Filter>
    </ClCompile>
    <ClCompile Include="qDbgRender.cpp">
      <Filter>03. Game\03. Manager\07. DbgRender</Filter>
    </ClCompile>
    <ClCompile Include="func.cpp">
      <Filter>03. Game\01. Header</Filter>
    </ClCompile>
    <ClCompile Include="qMonster.cpp">
      <Filter>03. Game\05. Object\Monster</Filter>
    </ClCompile>
    <ClCompile Include="qCollisionMgr.cpp">
      <Filter>03. Game\03. Manager\06. CollisionMgr</Filter>
    </ClCompile>
    <ClCompile Include="qAsset.cpp">
      <Filter>03. Game\07. Asset</Filter>
    </ClCompile>
    <ClCompile Include="qSound.cpp">
      <Filter>03. Game\07. Asset\Sound</Filter>
    </ClCompile>
    <ClCompile Include="qTexture.cpp">
      <Filter>03. Game\07. Asset\Texture</Filter>
    </ClCompile>
    <ClCompile Include="qAssetMgr.cpp">
      <Filter>03. Game\03. Manager\03. AssetMgr</Filter>
    </ClCompile>
    <ClCompile Include="qPathMgr.cpp">
      <Filter>03. Game\03. Manager\04. PathMgr</Filter>
    </ClCompile>
    <ClCompile Include="qTaskMgr.cpp">
      <Filter>03. Game\03. Manager\08. TaskMgr</Filter>
    </ClCompile>
    <ClCompile Include="qGuideMissile.cpp">
      <Filter>03. Game\05. Object\Missile\GuideMissile</Filter>
    </ClCompile>
  </ItemGroup>
</Project>