<?xml version="1.0" encoding="utf-8"?>
<Project ToolsVersion="4.0" xmlns="http://schemas.microsoft.com/developer/msbuild/2003">
  <ItemGroup>
    <Filter Include="02. Main">
      <UniqueIdentifier>{a6c1a83b-c9cd-4b59-8815-917bd46a9344}</UniqueIdentifier>
    </Filter>
    <Filter Include="01. 리소스 파일">
      <UniqueIdentifier>{67DA6AB6-F800-4c08-8B7A-83BB121AAD01}</UniqueIdentifier>
      <Extensions>rc;ico;cur;bmp;dlg;rc2;rct;bin;rgs;gif;jpg;jpeg;jpe;resx;tiff;tif;png;wav;mfcribbon-ms</Extensions>
    </Filter>
    <Filter Include="03. Game">
      <UniqueIdentifier>{58e6f517-bf58-47d3-9d4f-e80011b7b9f7}</UniqueIdentifier>
    </Filter>
    <Filter Include="03. Game\01. Header">
      <UniqueIdentifier>{d8e04ed8-c325-4fba-a649-344b251fcddc}</UniqueIdentifier>
    </Filter>
    <Filter Include="03. Game\02. Engine">
      <UniqueIdentifier>{e57c3e76-57e3-4138-bd8c-b97e30e012e1}</UniqueIdentifier>
    </Filter>
    <Filter Include="03. Game\03. Manager">
      <UniqueIdentifier>{1c08b5ee-3682-44c0-889e-f5b536342d82}</UniqueIdentifier>
    </Filter>
    <Filter Include="03. Game\04. Level">
      <UniqueIdentifier>{cb12d06f-df98-4c17-9339-b64b9e8b3388}</UniqueIdentifier>
    </Filter>
    <Filter Include="03. Game\05. Object">
      <UniqueIdentifier>{97c2a1ab-7064-4b21-98ac-fa322ffb95e0}</UniqueIdentifier>
    </Filter>
    <Filter Include="03. Game\06. Component">
      <UniqueIdentifier>{eef07274-25dd-46f8-9026-74d975c7fae7}</UniqueIdentifier>
    </Filter>
    <Filter Include="03. Game\07. Asset">
      <UniqueIdentifier>{b89d56f0-f5a1-40bd-9145-c3985d93dbd5}</UniqueIdentifier>
    </Filter>
    <Filter Include="03. Game\08. Module">
      <UniqueIdentifier>{4ee0d98e-a57d-4d93-8b5a-e2d7f48aaf46}</UniqueIdentifier>
    </Filter>
    <Filter Include="03. Game\05. Object\Missile">
      <UniqueIdentifier>{90a2e921-b1cb-4cdf-80f2-a23562480524}</UniqueIdentifier>
    </Filter>
    <Filter Include="03. Game\06. Component\01. Collider">
      <UniqueIdentifier>{ee430b37-98f2-41b0-ba84-de988aeb4b71}</UniqueIdentifier>
    </Filter>
    <Filter Include="03. Game\06. Component\02. Animator">
      <UniqueIdentifier>{711fe424-9b9b-41de-852c-08ac508ab974}</UniqueIdentifier>
    </Filter>
    <Filter Include="03. Game\06. Component\03. Rigidbody">
      <UniqueIdentifier>{ab2104a5-7076-49d0-804b-7dd471e6b3d8}</UniqueIdentifier>
    </Filter>
    <Filter Include="03. Game\05. Object\Tile">
      <UniqueIdentifier>{d15c0527-03ea-4b38-8a0c-2e279cf51ff5}</UniqueIdentifier>
    </Filter>
    <Filter Include="03. Game\05. Object\UI">
      <UniqueIdentifier>{9f4156f9-f6bc-4d96-ab4c-38de7a7264c1}</UniqueIdentifier>
    </Filter>
    <Filter Include="03. Game\05. Object\Player">
      <UniqueIdentifier>{387927ba-5ae7-4818-8912-46de0bdd54c9}</UniqueIdentifier>
    </Filter>
    <Filter Include="03. Game\05. Object\Monster">
      <UniqueIdentifier>{140961b4-6256-481f-a9d8-5cd1121e3d61}</UniqueIdentifier>
    </Filter>
    <Filter Include="03. Game\06. Component\04. FSM">
      <UniqueIdentifier>{542c66a8-eb3d-4daf-b573-156f59767132}</UniqueIdentifier>
    </Filter>
    <Filter Include="03. Game\03. Manager\07. DbgRender">
      <UniqueIdentifier>{e25b869f-60eb-4461-8442-ce0899c5783d}</UniqueIdentifier>
    </Filter>
    <Filter Include="03. Game\03. Manager\01. TimeMgr">
      <UniqueIdentifier>{e5f3fc35-8e2e-4e9e-a0cb-0738d5ebe983}</UniqueIdentifier>
    </Filter>
    <Filter Include="03. Game\03. Manager\02. KeyMgr">
      <UniqueIdentifier>{50fcc41c-96f1-47d4-9eb8-88f075e0a903}</UniqueIdentifier>
    </Filter>
    <Filter Include="03. Game\03. Manager\03. AssetMgr">
      <UniqueIdentifier>{070b1ecf-af0a-4a54-9d5c-4bcd5f6033ab}</UniqueIdentifier>
    </Filter>
    <Filter Include="03. Game\07. Asset\Texture">
      <UniqueIdentifier>{8754dae9-11e8-40b3-bdf2-376f58114890}</UniqueIdentifier>
    </Filter>
    <Filter Include="03. Game\07. Asset\Sound">
      <UniqueIdentifier>{9ce71e80-4f2f-4d7a-9a74-65951a7584b5}</UniqueIdentifier>
    </Filter>
    <Filter Include="03. Game\03. Manager\05. LevelMgr">
      <UniqueIdentifier>{32221453-8fa2-46da-be38-ad3c0e07d260}</UniqueIdentifier>
    </Filter>
    <Filter Include="03. Game\03. Manager\06. CollisionMgr">
      <UniqueIdentifier>{9f43c80c-a177-482f-a6be-ac1ff71cd396}</UniqueIdentifier>
    </Filter>
    <Filter Include="03. Game\03. Manager\04. PathMgr">
      <UniqueIdentifier>{0c8ce007-f76b-46e0-8810-936dba351cdd}</UniqueIdentifier>
    </Filter>
    <Filter Include="03. Game\03. Manager\08. TaskMgr">
      <UniqueIdentifier>{1a02e56f-1a36-4a45-913b-832d4ac31aae}</UniqueIdentifier>
    </Filter>
    <Filter Include="03. Game\05. Object\Missile\GuideMissile">
      <UniqueIdentifier>{1e990868-0c14-49f4-94aa-a047d0fdcae3}</UniqueIdentifier>
    </Filter>
    <Filter Include="03. Game\08. Module\Animation">
      <UniqueIdentifier>{ae5107eb-b358-4e88-b931-758471c3cdcc}</UniqueIdentifier>
    </Filter>
    <Filter Include="03. Game\05. Object\Force">
      <UniqueIdentifier>{c807ea12-8c56-4ed0-82e0-6463658f874f}</UniqueIdentifier>
    </Filter>
    <Filter Include="03. Game\05. Object\Effect">
      <UniqueIdentifier>{5844f181-35e6-4dff-8772-b0e2656f7f47}</UniqueIdentifier>
    </Filter>
    <Filter Include="03. Game\05. Object\Platform">
      <UniqueIdentifier>{5590f0c0-c71e-4db1-be1c-4bd293e51693}</UniqueIdentifier>
    </Filter>
    <Filter Include="03. Game\08. Module\State">
      <UniqueIdentifier>{e26ffa26-cbfe-45d6-804a-d3c8014b1cdd}</UniqueIdentifier>
    </Filter>
    <Filter Include="03. Game\08. Module\State\MonsterState">
      <UniqueIdentifier>{94db36c4-f659-4cd4-b7bf-8c0caaaa14a3}</UniqueIdentifier>
    </Filter>
    <Filter Include="03. Game\08. Module\State\PlayerState">
      <UniqueIdentifier>{89fb0671-31f6-4dd1-99c9-265b756dde21}</UniqueIdentifier>
    </Filter>
    <Filter Include="03. Game\06. Component\05. TileMap">
      <UniqueIdentifier>{04b77910-0cfc-4701-94a6-2f5d39296b4b}</UniqueIdentifier>
    </Filter>
    <Filter Include="03. Game\03. Manager\09. Camera">
      <UniqueIdentifier>{1a156249-b193-4fb8-a7a4-831c9ab6b4d4}</UniqueIdentifier>
    </Filter>
    <Filter Include="03. Game\03. Manager\10. UIMgr">
      <UniqueIdentifier>{99ba1f23-4f32-40ab-9019-79b01a41c031}</UniqueIdentifier>
    </Filter>
    <Filter Include="03. Game\05. Object\Background">
      <UniqueIdentifier>{61f9d4fd-02e1-4ba3-b69b-59384a1788ff}</UniqueIdentifier>
    </Filter>
    <Filter Include="03. Game\05. Object\UI\ButtonUI">
      <UniqueIdentifier>{42af13b4-b6a3-4bc9-ac57-fcc244f3d4c6}</UniqueIdentifier>
    </Filter>
    <Filter Include="03. Game\04. Level\01. Logo">
      <UniqueIdentifier>{060c9327-902f-4c2c-a0f5-3af3d2dfb754}</UniqueIdentifier>
    </Filter>
    <Filter Include="03. Game\04. Level\03. Editor">
      <UniqueIdentifier>{b2057e5c-14ef-4d07-95a6-acea35de00fc}</UniqueIdentifier>
    </Filter>
    <Filter Include="03. Game\04. Level\04. Stage">
      <UniqueIdentifier>{7a9de9f3-26f3-404c-9a8f-f6efc8f73dff}</UniqueIdentifier>
    </Filter>
    <Filter Include="03. Game\04. Level\02. Start">
      <UniqueIdentifier>{71ba6833-250c-4e1f-87f0-a3987d994082}</UniqueIdentifier>
    </Filter>
    <Filter Include="03. Game\05. Object\Platform\1. Ground">
      <UniqueIdentifier>{ee9b030d-2d31-40a9-ab7f-034f3d7c4d74}</UniqueIdentifier>
    </Filter>
    <Filter Include="03. Game\05. Object\Platform\2. Wall">
      <UniqueIdentifier>{d8f4fb44-cf9a-4392-8aa0-8e8f6b73ba28}</UniqueIdentifier>
    </Filter>
    <Filter Include="03. Game\05. Object\Platform\3. Portal">
      <UniqueIdentifier>{52f9d64d-ee31-410d-b80c-eb5d5b16fea9}</UniqueIdentifier>
    </Filter>
    <Filter Include="03. Game\05. Object\Platform\4. Rope">
      <UniqueIdentifier>{65311fea-0cf9-4d46-a8a3-af6ca41e298c}</UniqueIdentifier>
    </Filter>
    <Filter Include="03. Game\05. Object\Background\1. LOGO">
      <UniqueIdentifier>{5d999461-63b6-4a3d-b38f-3b4e2f33add3}</UniqueIdentifier>
    </Filter>
    <Filter Include="03. Game\05. Object\Background\2. START">
      <UniqueIdentifier>{344657c8-5806-4d8c-a847-5b95776bce03}</UniqueIdentifier>
    </Filter>
    <Filter Include="03. Game\05. Object\Background\3. STAGE_1">
      <UniqueIdentifier>{52c92b9e-6ffa-4ed4-8a59-870ebe5def94}</UniqueIdentifier>
    </Filter>
    <Filter Include="03. Game\05. Object\Background\4. STAGE_2">
      <UniqueIdentifier>{32a2503b-46c7-4113-8df9-07ce7af83b5f}</UniqueIdentifier>
    </Filter>
    <Filter Include="03. Game\05. Object\Background\5. BOSS_1">
      <UniqueIdentifier>{6f9dd70e-97d9-40e4-a1d7-764f54167268}</UniqueIdentifier>
    </Filter>
    <Filter Include="03. Game\05. Object\Background\6. BOSS_2">
      <UniqueIdentifier>{1a68b75e-ed74-4250-a368-90409d7bfe05}</UniqueIdentifier>
    </Filter>
  </ItemGroup>
  <ItemGroup>
    <ClInclude Include="targetver.h">
      <Filter>02. Main</Filter>
    </ClInclude>
    <ClInclude Include="framework.h">
      <Filter>02. Main</Filter>
    </ClInclude>
    <ClInclude Include="GameClient.h">
      <Filter>02. Main</Filter>
    </ClInclude>
    <ClInclude Include="Resource.h">
      <Filter>02. Main</Filter>
    </ClInclude>
    <ClInclude Include="qEntity.h">
      <Filter>03. Game</Filter>
    </ClInclude>
    <ClInclude Include="pch.h">
      <Filter>02. Main</Filter>
    </ClInclude>
    <ClInclude Include="qObj.h">
      <Filter>03. Game\05. Object</Filter>
    </ClInclude>
    <ClInclude Include="qEngine.h">
      <Filter>03. Game\02. Engine</Filter>
    </ClInclude>
    <ClInclude Include="define.h">
      <Filter>03. Game\01. Header</Filter>
    </ClInclude>
    <ClInclude Include="enum.h">
      <Filter>03. Game\01. Header</Filter>
    </ClInclude>
    <ClInclude Include="qSelectObj.h">
      <Filter>03. Game\08. Module</Filter>
    </ClInclude>
    <ClInclude Include="qLevel.h">
      <Filter>03. Game\04. Level</Filter>
    </ClInclude>
    <ClInclude Include="qLevelMgr.h">
      <Filter>03. Game\03. Manager\05. LevelMgr</Filter>
    </ClInclude>
    <ClInclude Include="struct.h">
      <Filter>03. Game\01. Header</Filter>
    </ClInclude>
    <ClInclude Include="qTimeMgr.h">
      <Filter>03. Game\03. Manager\01. TimeMgr</Filter>
    </ClInclude>
    <ClInclude Include="qLevel_Stage01.h">
      <Filter>03. Game\04. Level\04. Stage</Filter>
    </ClInclude>
    <ClInclude Include="qPlayer.h">
      <Filter>03. Game\05. Object\Player</Filter>
    </ClInclude>
    <ClInclude Include="qMissile.h">
      <Filter>03. Game\05. Object\Missile</Filter>
    </ClInclude>
    <ClInclude Include="qKeyMgr.h">
      <Filter>03. Game\03. Manager\02. KeyMgr</Filter>
    </ClInclude>
    <ClInclude Include="qComponent.h">
      <Filter>03. Game\06. Component</Filter>
    </ClInclude>
    <ClInclude Include="qCollider.h">
      <Filter>03. Game\06. Component\01. Collider</Filter>
    </ClInclude>
    <ClInclude Include="qAnimator.h">
      <Filter>03. Game\06. Component\02. Animator</Filter>
    </ClInclude>
    <ClInclude Include="qRigidbody.h">
      <Filter>03. Game\06. Component\03. Rigidbody</Filter>
    </ClInclude>
    <ClInclude Include="qFSM.h">
      <Filter>03. Game\06. Component\04. FSM</Filter>
    </ClInclude>
    <ClInclude Include="qDbgRender.h">
      <Filter>03. Game\03. Manager\07. DbgRender</Filter>
    </ClInclude>
    <ClInclude Include="func.h">
      <Filter>03. Game\01. Header</Filter>
    </ClInclude>
    <ClInclude Include="qMonster.h">
      <Filter>03. Game\05. Object\Monster</Filter>
    </ClInclude>
    <ClInclude Include="qCollisionMgr.h">
      <Filter>03. Game\03. Manager\06. CollisionMgr</Filter>
    </ClInclude>
    <ClInclude Include="qAsset.h">
      <Filter>03. Game\07. Asset</Filter>
    </ClInclude>
    <ClInclude Include="qSound.h">
      <Filter>03. Game\07. Asset\Sound</Filter>
    </ClInclude>
    <ClInclude Include="qTexture.h">
      <Filter>03. Game\07. Asset\Texture</Filter>
    </ClInclude>
    <ClInclude Include="qAssetMgr.h">
      <Filter>03. Game\03. Manager\03. AssetMgr</Filter>
    </ClInclude>
    <ClInclude Include="qPathMgr.h">
      <Filter>03. Game\03. Manager\04. PathMgr</Filter>
    </ClInclude>
    <ClInclude Include="qTaskMgr.h">
      <Filter>03. Game\03. Manager\08. TaskMgr</Filter>
    </ClInclude>
    <ClInclude Include="qGuideMissile.h">
      <Filter>03. Game\05. Object\Missile\GuideMissile</Filter>
    </ClInclude>
    <ClInclude Include="qAnimation.h">
      <Filter>03. Game\08. Module\Animation</Filter>
    </ClInclude>
    <ClInclude Include="qForce.h">
      <Filter>03. Game\05. Object\Force</Filter>
    </ClInclude>
    <ClInclude Include="qPlatform.h">
      <Filter>03. Game\05. Object\Platform</Filter>
    </ClInclude>
    <ClInclude Include="qCamera.h">
      <Filter>03. Game\03. Manager\09. Camera</Filter>
    </ClInclude>
    <ClInclude Include="qState.h">
      <Filter>03. Game\08. Module\State</Filter>
    </ClInclude>
    <ClInclude Include="qIdleState.h">
      <Filter>03. Game\08. Module\State\MonsterState</Filter>
    </ClInclude>
    <ClInclude Include="qAttackState.h">
      <Filter>03. Game\08. Module\State\MonsterState</Filter>
    </ClInclude>
    <ClInclude Include="qDeadState.h">
      <Filter>03. Game\08. Module\State\MonsterState</Filter>
    </ClInclude>
    <ClInclude Include="qTraceState.h">
      <Filter>03. Game\08. Module\State\MonsterState</Filter>
    </ClInclude>
    <ClInclude Include="qLevel_Stage02.h">
      <Filter>03. Game\04. Level\04. Stage</Filter>
    </ClInclude>
    <ClInclude Include="qLevel_Editor.h">
      <Filter>03. Game\04. Level\03. Editor</Filter>
    </ClInclude>
    <ClInclude Include="qTile.h">
      <Filter>03. Game\05. Object\Tile</Filter>
    </ClInclude>
    <ClInclude Include="qPlayerState.h">
      <Filter>03. Game\08. Module\State\PlayerState</Filter>
    </ClInclude>
    <ClInclude Include="qTileMap.h">
      <Filter>03. Game\06. Component\05. TileMap</Filter>
    </ClInclude>
    <ClInclude Include="qUI.h">
      <Filter>03. Game\05. Object\UI</Filter>
    </ClInclude>
    <ClInclude Include="qUIMgr.h">
      <Filter>03. Game\03. Manager\10. UIMgr</Filter>
    </ClInclude>
    <ClInclude Include="qBackground.h">
      <Filter>03. Game\05. Object\Background</Filter>
    </ClInclude>
    <ClInclude Include="qButton.h">
      <Filter>03. Game\05. Object\UI\ButtonUI</Filter>
    </ClInclude>
    <ClInclude Include="qLogo.h">
      <Filter>03. Game\04. Level\01. Logo</Filter>
    </ClInclude>
    <ClInclude Include="qStart.h">
      <Filter>03. Game\04. Level\02. Start</Filter>
    </ClInclude>
  </ItemGroup>
  <ItemGroup>
    <ResourceCompile Include="GameClient.rc">
      <Filter>01. 리소스 파일</Filter>
    </ResourceCompile>
  </ItemGroup>
  <ItemGroup>
    <Image Include="small.ico">
      <Filter>01. 리소스 파일</Filter>
    </Image>
    <Image Include="GameClient.ico">
      <Filter>01. 리소스 파일</Filter>
    </Image>
  </ItemGroup>
  <ItemGroup>
    <ClCompile Include="main.cpp">
      <Filter>02. Main</Filter>
    </ClCompile>
    <ClCompile Include="qEntity.cpp">
      <Filter>03. Game</Filter>
    </ClCompile>
    <ClCompile Include="pch.cpp">
      <Filter>02. Main</Filter>
    </ClCompile>
    <ClCompile Include="qObj.cpp">
      <Filter>03. Game\05. Object</Filter>
    </ClCompile>
    <ClCompile Include="qEngine.cpp">
      <Filter>03. Game\02. Engine</Filter>
    </ClCompile>
    <ClCompile Include="qSelectObj.cpp">
      <Filter>03. Game\08. Module</Filter>
    </ClCompile>
    <ClCompile Include="qLevel.cpp">
      <Filter>03. Game\04. Level</Filter>
    </ClCompile>
    <ClCompile Include="qLevelMgr.cpp">
      <Filter>03. Game\03. Manager\05. LevelMgr</Filter>
    </ClCompile>
    <ClCompile Include="qTimeMgr.cpp">
      <Filter>03. Game\03. Manager\01. TimeMgr</Filter>
    </ClCompile>
    <ClCompile Include="qLevel_Stage01.cpp">
      <Filter>03. Game\04. Level\04. Stage</Filter>
    </ClCompile>
    <ClCompile Include="qPlayer.cpp">
      <Filter>03. Game\05. Object\Player</Filter>
    </ClCompile>
    <ClCompile Include="qMissile.cpp">
      <Filter>03. Game\05. Object\Missile</Filter>
    </ClCompile>
    <ClCompile Include="qKeyMgr.cpp">
      <Filter>03. Game\03. Manager\02. KeyMgr</Filter>
    </ClCompile>
    <ClCompile Include="qComponent.cpp">
      <Filter>03. Game\06. Component</Filter>
    </ClCompile>
    <ClCompile Include="qCollider.cpp">
      <Filter>03. Game\06. Component\01. Collider</Filter>
    </ClCompile>
    <ClCompile Include="qAnimator.cpp">
      <Filter>03. Game\06. Component\02. Animator</Filter>
    </ClCompile>
    <ClCompile Include="qRigidbody.cpp">
      <Filter>03. Game\06. Component\03. Rigidbody</Filter>
    </ClCompile>
    <ClCompile Include="qFSM.cpp">
      <Filter>03. Game\06. Component\04. FSM</Filter>
    </ClCompile>
    <ClCompile Include="qDbgRender.cpp">
      <Filter>03. Game\03. Manager\07. DbgRender</Filter>
    </ClCompile>
    <ClCompile Include="func.cpp">
      <Filter>03. Game\01. Header</Filter>
    </ClCompile>
    <ClCompile Include="qMonster.cpp">
      <Filter>03. Game\05. Object\Monster</Filter>
    </ClCompile>
    <ClCompile Include="qCollisionMgr.cpp">
      <Filter>03. Game\03. Manager\06. CollisionMgr</Filter>
    </ClCompile>
    <ClCompile Include="qAsset.cpp">
      <Filter>03. Game\07. Asset</Filter>
    </ClCompile>
    <ClCompile Include="qSound.cpp">
      <Filter>03. Game\07. Asset\Sound</Filter>
    </ClCompile>
    <ClCompile Include="qTexture.cpp">
      <Filter>03. Game\07. Asset\Texture</Filter>
    </ClCompile>
    <ClCompile Include="qAssetMgr.cpp">
      <Filter>03. Game\03. Manager\03. AssetMgr</Filter>
    </ClCompile>
    <ClCompile Include="qPathMgr.cpp">
      <Filter>03. Game\03. Manager\04. PathMgr</Filter>
    </ClCompile>
    <ClCompile Include="qTaskMgr.cpp">
      <Filter>03. Game\03. Manager\08. TaskMgr</Filter>
    </ClCompile>
    <ClCompile Include="qGuideMissile.cpp">
      <Filter>03. Game\05. Object\Missile\GuideMissile</Filter>
    </ClCompile>
    <ClCompile Include="qAnimation.cpp">
      <Filter>03. Game\08. Module\Animation</Filter>
    </ClCompile>
    <ClCompile Include="qForce.cpp">
      <Filter>03. Game\05. Object\Force</Filter>
    </ClCompile>
    <ClCompile Include="qPlatform.cpp">
      <Filter>03. Game\05. Object\Platform</Filter>
    </ClCompile>
    <ClCompile Include="qCamera.cpp">
      <Filter>03. Game\03. Manager\09. Camera</Filter>
    </ClCompile>
    <ClCompile Include="qState.cpp">
      <Filter>03. Game\08. Module\State</Filter>
    </ClCompile>
    <ClCompile Include="qAttackState.cpp">
      <Filter>03. Game\08. Module\State\MonsterState</Filter>
    </ClCompile>
    <ClCompile Include="qIdleState.cpp">
      <Filter>03. Game\08. Module\State\MonsterState</Filter>
    </ClCompile>
    <ClCompile Include="qDeadState.cpp">
      <Filter>03. Game\08. Module\State\MonsterState</Filter>
    </ClCompile>
    <ClCompile Include="qTraceState.cpp">
      <Filter>03. Game\08. Module\State\MonsterState</Filter>
    </ClCompile>
    <ClCompile Include="qLevel_Stage02.cpp">
      <Filter>03. Game\04. Level\04. Stage</Filter>
    </ClCompile>
    <ClCompile Include="qLevel_Editor.cpp">
      <Filter>03. Game\04. Level\03. Editor</Filter>
    </ClCompile>
    <ClCompile Include="qTile.cpp">
      <Filter>03. Game\05. Object\Tile</Filter>
    </ClCompile>
    <ClCompile Include="qPlayerState.cpp">
      <Filter>03. Game\08. Module\State\PlayerState</Filter>
    </ClCompile>
    <ClCompile Include="qTileMap.cpp">
      <Filter>03. Game\06. Component\05. TileMap</Filter>
    </ClCompile>
    <ClCompile Include="qUI.cpp">
      <Filter>03. Game\05. Object\UI</Filter>
    </ClCompile>
    <ClCompile Include="qUIMgr.cpp">
      <Filter>03. Game\03. Manager\10. UIMgr</Filter>
    </ClCompile>
    <ClCompile Include="qBackground.cpp">
      <Filter>03. Game\05. Object\Background</Filter>
    </ClCompile>
    <ClCompile Include="qButton.cpp">
      <Filter>03. Game\05. Object\UI\ButtonUI</Filter>
    </ClCompile>
    <ClCompile Include="qLogo.cpp">
      <Filter>03. Game\04. Level\01. Logo</Filter>
    </ClCompile>
    <ClCompile Include="qStart.cpp">
      <Filter>03. Game\04. Level\02. Start</Filter>
    </ClCompile>
  </ItemGroup>
</Project>