<?xml version="1.0" encoding="utf-8"?>
<Project ToolsVersion="4.0" xmlns="http://schemas.microsoft.com/developer/msbuild/2003">
  <ItemGroup>
    <Filter Include="02. Main">
      <UniqueIdentifier>{a6c1a83b-c9cd-4b59-8815-917bd46a9344}</UniqueIdentifier>
    </Filter>
    <Filter Include="01. 리소스 파일">
      <UniqueIdentifier>{67DA6AB6-F800-4c08-8B7A-83BB121AAD01}</UniqueIdentifier>
      <Extensions>rc;ico;cur;bmp;dlg;rc2;rct;bin;rgs;gif;jpg;jpeg;jpe;resx;tiff;tif;png;wav;mfcribbon-ms</Extensions>
    </Filter>
    <Filter Include="03. Game">
      <UniqueIdentifier>{58e6f517-bf58-47d3-9d4f-e80011b7b9f7}</UniqueIdentifier>
    </Filter>
    <Filter Include="03. Game\01. Header">
      <UniqueIdentifier>{d8e04ed8-c325-4fba-a649-344b251fcddc}</UniqueIdentifier>
    </Filter>
    <Filter Include="03. Game\02. Engine">
      <UniqueIdentifier>{e57c3e76-57e3-4138-bd8c-b97e30e012e1}</UniqueIdentifier>
    </Filter>
    <Filter Include="03. Game\03. Manager">
      <UniqueIdentifier>{1c08b5ee-3682-44c0-889e-f5b536342d82}</UniqueIdentifier>
    </Filter>
    <Filter Include="03. Game\04. Level">
      <UniqueIdentifier>{cb12d06f-df98-4c17-9339-b64b9e8b3388}</UniqueIdentifier>
    </Filter>
    <Filter Include="03. Game\05. Object">
      <UniqueIdentifier>{97c2a1ab-7064-4b21-98ac-fa322ffb95e0}</UniqueIdentifier>
    </Filter>
    <Filter Include="03. Game\06. Component">
      <UniqueIdentifier>{eef07274-25dd-46f8-9026-74d975c7fae7}</UniqueIdentifier>
    </Filter>
    <Filter Include="03. Game\07. Asset">
      <UniqueIdentifier>{b89d56f0-f5a1-40bd-9145-c3985d93dbd5}</UniqueIdentifier>
    </Filter>
    <Filter Include="03. Game\08. Module">
      <UniqueIdentifier>{4ee0d98e-a57d-4d93-8b5a-e2d7f48aaf46}</UniqueIdentifier>
    </Filter>
    <Filter Include="03. Game\06. Component\01. Collider">
      <UniqueIdentifier>{ee430b37-98f2-41b0-ba84-de988aeb4b71}</UniqueIdentifier>
    </Filter>
    <Filter Include="03. Game\06. Component\02. Animator">
      <UniqueIdentifier>{711fe424-9b9b-41de-852c-08ac508ab974}</UniqueIdentifier>
    </Filter>
    <Filter Include="03. Game\06. Component\03. Rigidbody">
      <UniqueIdentifier>{ab2104a5-7076-49d0-804b-7dd471e6b3d8}</UniqueIdentifier>
    </Filter>
    <Filter Include="03. Game\06. Component\04. FSM">
      <UniqueIdentifier>{542c66a8-eb3d-4daf-b573-156f59767132}</UniqueIdentifier>
    </Filter>
    <Filter Include="03. Game\03. Manager\07. DbgRender">
      <UniqueIdentifier>{e25b869f-60eb-4461-8442-ce0899c5783d}</UniqueIdentifier>
    </Filter>
    <Filter Include="03. Game\03. Manager\01. TimeMgr">
      <UniqueIdentifier>{e5f3fc35-8e2e-4e9e-a0cb-0738d5ebe983}</UniqueIdentifier>
    </Filter>
    <Filter Include="03. Game\03. Manager\02. KeyMgr">
      <UniqueIdentifier>{50fcc41c-96f1-47d4-9eb8-88f075e0a903}</UniqueIdentifier>
    </Filter>
    <Filter Include="03. Game\03. Manager\03. AssetMgr">
      <UniqueIdentifier>{070b1ecf-af0a-4a54-9d5c-4bcd5f6033ab}</UniqueIdentifier>
    </Filter>
    <Filter Include="03. Game\07. Asset\Texture">
      <UniqueIdentifier>{8754dae9-11e8-40b3-bdf2-376f58114890}</UniqueIdentifier>
    </Filter>
    <Filter Include="03. Game\07. Asset\Sound">
      <UniqueIdentifier>{9ce71e80-4f2f-4d7a-9a74-65951a7584b5}</UniqueIdentifier>
    </Filter>
    <Filter Include="03. Game\03. Manager\05. LevelMgr">
      <UniqueIdentifier>{32221453-8fa2-46da-be38-ad3c0e07d260}</UniqueIdentifier>
    </Filter>
    <Filter Include="03. Game\03. Manager\06. CollisionMgr">
      <UniqueIdentifier>{9f43c80c-a177-482f-a6be-ac1ff71cd396}</UniqueIdentifier>
    </Filter>
    <Filter Include="03. Game\03. Manager\04. PathMgr">
      <UniqueIdentifier>{0c8ce007-f76b-46e0-8810-936dba351cdd}</UniqueIdentifier>
    </Filter>
    <Filter Include="03. Game\03. Manager\08. TaskMgr">
      <UniqueIdentifier>{1a02e56f-1a36-4a45-913b-832d4ac31aae}</UniqueIdentifier>
    </Filter>
    <Filter Include="03. Game\08. Module\Animation">
      <UniqueIdentifier>{ae5107eb-b358-4e88-b931-758471c3cdcc}</UniqueIdentifier>
    </Filter>
    <Filter Include="03. Game\08. Module\State">
      <UniqueIdentifier>{e26ffa26-cbfe-45d6-804a-d3c8014b1cdd}</UniqueIdentifier>
    </Filter>
    <Filter Include="03. Game\06. Component\05. TileMap">
      <UniqueIdentifier>{04b77910-0cfc-4701-94a6-2f5d39296b4b}</UniqueIdentifier>
    </Filter>
    <Filter Include="03. Game\03. Manager\09. Camera">
      <UniqueIdentifier>{1a156249-b193-4fb8-a7a4-831c9ab6b4d4}</UniqueIdentifier>
    </Filter>
    <Filter Include="03. Game\03. Manager\10. UIMgr">
      <UniqueIdentifier>{99ba1f23-4f32-40ab-9019-79b01a41c031}</UniqueIdentifier>
    </Filter>
    <Filter Include="03. Game\04. Level\01. Logo">
      <UniqueIdentifier>{060c9327-902f-4c2c-a0f5-3af3d2dfb754}</UniqueIdentifier>
    </Filter>
    <Filter Include="03. Game\04. Level\03. Editor">
      <UniqueIdentifier>{b2057e5c-14ef-4d07-95a6-acea35de00fc}</UniqueIdentifier>
    </Filter>
    <Filter Include="03. Game\04. Level\04. Stage">
      <UniqueIdentifier>{7a9de9f3-26f3-404c-9a8f-f6efc8f73dff}</UniqueIdentifier>
    </Filter>
    <Filter Include="03. Game\04. Level\02. Start">
      <UniqueIdentifier>{71ba6833-250c-4e1f-87f0-a3987d994082}</UniqueIdentifier>
    </Filter>
    <Filter Include="03. Game\03. Manager\11. SoundMgr">
      <UniqueIdentifier>{a3be03a3-a095-4f9c-bdad-54fd45640b0f}</UniqueIdentifier>
    </Filter>
    <Filter Include="03. Game\05. Object\1. Player">
      <UniqueIdentifier>{387927ba-5ae7-4818-8912-46de0bdd54c9}</UniqueIdentifier>
    </Filter>
    <Filter Include="03. Game\05. Object\2. Monster">
      <UniqueIdentifier>{140961b4-6256-481f-a9d8-5cd1121e3d61}</UniqueIdentifier>
    </Filter>
    <Filter Include="03. Game\04. Level\04. Stage\1. STAGE_1">
      <UniqueIdentifier>{cfbb3697-f361-462d-9d3b-e5c218356661}</UniqueIdentifier>
    </Filter>
    <Filter Include="03. Game\04. Level\04. Stage\2. STAGE_2">
      <UniqueIdentifier>{315df053-46d6-497c-847a-554bc66d6dea}</UniqueIdentifier>
    </Filter>
    <Filter Include="03. Game\04. Level\04. Stage\3. BOSS_1">
      <UniqueIdentifier>{8caf85df-f2a2-45ac-a1e6-5d3aadb583d4}</UniqueIdentifier>
    </Filter>
    <Filter Include="03. Game\04. Level\04. Stage\4. BOSS_2">
      <UniqueIdentifier>{458ed9ed-2312-4000-b45a-9bf6c3e25bd1}</UniqueIdentifier>
    </Filter>
    <Filter Include="03. Game\05. Object\2. Monster\2. RED">
      <UniqueIdentifier>{5c384c47-5be3-4703-abb9-b1c333bb1d6b}</UniqueIdentifier>
    </Filter>
    <Filter Include="03. Game\05. Object\2. Monster\1. BLUE">
      <UniqueIdentifier>{bfc21093-8ebf-42ec-96bf-2b5f15413de2}</UniqueIdentifier>
    </Filter>
    <Filter Include="03. Game\05. Object\2. Monster\3. Dummy_BLUE">
      <UniqueIdentifier>{25bfa282-9986-4916-b698-9b5a1403f241}</UniqueIdentifier>
    </Filter>
    <Filter Include="03. Game\05. Object\2. Monster\4. Dummy_Red">
      <UniqueIdentifier>{99bfafe4-370e-4b9f-bdef-de2b5fd77317}</UniqueIdentifier>
    </Filter>
    <Filter Include="03. Game\03. Manager\12. RespawnMgr">
      <UniqueIdentifier>{9db607a2-fd80-4ea3-8019-f35664c61a98}</UniqueIdentifier>
    </Filter>
    <Filter Include="03. Game\05. Object\4. Boss">
      <UniqueIdentifier>{13a51e0e-fbae-4ee4-8366-8ffc06e30764}</UniqueIdentifier>
    </Filter>
    <Filter Include="03. Game\05. Object\5. Background">
      <UniqueIdentifier>{61f9d4fd-02e1-4ba3-b69b-59384a1788ff}</UniqueIdentifier>
    </Filter>
    <Filter Include="03. Game\05. Object\5. Background\3. STAGE_1">
      <UniqueIdentifier>{52c92b9e-6ffa-4ed4-8a59-870ebe5def94}</UniqueIdentifier>
    </Filter>
    <Filter Include="03. Game\05. Object\5. Background\4. STAGE_2">
      <UniqueIdentifier>{32a2503b-46c7-4113-8df9-07ce7af83b5f}</UniqueIdentifier>
    </Filter>
    <Filter Include="03. Game\05. Object\5. Background\5. BOSS_1">
      <UniqueIdentifier>{6f9dd70e-97d9-40e4-a1d7-764f54167268}</UniqueIdentifier>
    </Filter>
    <Filter Include="03. Game\05. Object\5. Background\6. BOSS_2">
      <UniqueIdentifier>{1a68b75e-ed74-4250-a368-90409d7bfe05}</UniqueIdentifier>
    </Filter>
    <Filter Include="03. Game\05. Object\5. Background\1. LOGO">
      <UniqueIdentifier>{df77344f-b607-405c-89c8-2c288078803d}</UniqueIdentifier>
    </Filter>
    <Filter Include="03. Game\05. Object\5. Background\2. START">
      <UniqueIdentifier>{f30bff3b-0abf-41eb-9c4b-a42e709080b5}</UniqueIdentifier>
    </Filter>
    <Filter Include="03. Game\05. Object\6. Skill">
      <UniqueIdentifier>{11b15ce1-ad09-4301-b340-f07a7e6fb034}</UniqueIdentifier>
    </Filter>
    <Filter Include="03. Game\05. Object\7. Effect">
      <UniqueIdentifier>{5844f181-35e6-4dff-8772-b0e2656f7f47}</UniqueIdentifier>
    </Filter>
    <Filter Include="03. Game\05. Object\8. Damage">
      <UniqueIdentifier>{41d13a27-744b-4e07-8db9-e5e3a98b08ff}</UniqueIdentifier>
    </Filter>
    <Filter Include="03. Game\05. Object\8. Damage\1. Attack">
      <UniqueIdentifier>{81755e83-a1d0-4caa-90b8-dbbfed3cdfd2}</UniqueIdentifier>
    </Filter>
    <Filter Include="03. Game\05. Object\8. Damage\2. Missile">
      <UniqueIdentifier>{0ecd0deb-b8a3-4cbe-8d93-24edd85dc6c2}</UniqueIdentifier>
    </Filter>
    <Filter Include="03. Game\05. Object\8. Damage\3. Slash">
      <UniqueIdentifier>{269fc529-65fd-4e17-88be-a3cae5154332}</UniqueIdentifier>
    </Filter>
    <Filter Include="03. Game\05. Object\8. Damage\4. Special">
      <UniqueIdentifier>{a2ceab87-7853-48ed-ad50-a284725796a9}</UniqueIdentifier>
    </Filter>
    <Filter Include="03. Game\05. Object\8. Damage\5. Miss">
      <UniqueIdentifier>{df09c42a-dfca-4044-8b88-3528648994f9}</UniqueIdentifier>
    </Filter>
    <Filter Include="03. Game\05. Object\9. Platform">
      <UniqueIdentifier>{5590f0c0-c71e-4db1-be1c-4bd293e51693}</UniqueIdentifier>
    </Filter>
    <Filter Include="03. Game\05. Object\9. Platform\1. Platform">
      <UniqueIdentifier>{ab3dbf2e-aa34-43f0-98c3-38c116f54b88}</UniqueIdentifier>
    </Filter>
    <Filter Include="03. Game\05. Object\9. Platform\2. Rope">
      <UniqueIdentifier>{5fa6d2a7-f811-4251-8674-4c2d496e1aa6}</UniqueIdentifier>
    </Filter>
    <Filter Include="03. Game\05. Object\9. Platform\3. Portal">
      <UniqueIdentifier>{3e5283af-4ecc-4e96-8d18-6c18ad3eb787}</UniqueIdentifier>
    </Filter>
    <Filter Include="03. Game\05. Object\10. UI">
      <UniqueIdentifier>{9f4156f9-f6bc-4d96-ab4c-38de7a7264c1}</UniqueIdentifier>
    </Filter>
    <Filter Include="03. Game\05. Object\10. UI\ButtonUI">
      <UniqueIdentifier>{42af13b4-b6a3-4bc9-ac57-fcc244f3d4c6}</UniqueIdentifier>
    </Filter>
    <Filter Include="03. Game\05. Object\11. Tile">
      <UniqueIdentifier>{d15c0527-03ea-4b38-8a0c-2e279cf51ff5}</UniqueIdentifier>
    </Filter>
    <Filter Include="03. Game\05. Object\12. Missile">
      <UniqueIdentifier>{90a2e921-b1cb-4cdf-80f2-a23562480524}</UniqueIdentifier>
    </Filter>
    <Filter Include="03. Game\05. Object\12. Missile\GuideMissile">
      <UniqueIdentifier>{1e990868-0c14-49f4-94aa-a047d0fdcae3}</UniqueIdentifier>
    </Filter>
    <Filter Include="03. Game\05. Object\13. Force">
      <UniqueIdentifier>{c807ea12-8c56-4ed0-82e0-6463658f874f}</UniqueIdentifier>
    </Filter>
    <Filter Include="03. Game\05. Object\3. Spawner">
      <UniqueIdentifier>{4210ec3f-3e53-49cd-9445-62ca5025a5f4}</UniqueIdentifier>
    </Filter>
    <Filter Include="03. Game\05. Object\3. Spawner\1. BLUE_1">
      <UniqueIdentifier>{0a41aa88-0eba-4a36-bc33-d69d623a0866}</UniqueIdentifier>
    </Filter>
    <Filter Include="03. Game\05. Object\3. Spawner\2. BLUE_2">
      <UniqueIdentifier>{bbe01da3-e1a6-4f04-aa9e-dea49f548cdb}</UniqueIdentifier>
    </Filter>
    <Filter Include="03. Game\05. Object\3. Spawner\3. BLUE_3">
      <UniqueIdentifier>{d3fe9115-2955-4caf-850c-b534d4973a12}</UniqueIdentifier>
    </Filter>
    <Filter Include="03. Game\05. Object\3. Spawner\4. RED_1">
      <UniqueIdentifier>{4f462573-8dad-4789-9835-a4060889a0e1}</UniqueIdentifier>
    </Filter>
    <Filter Include="03. Game\05. Object\3. Spawner\5. RED_2">
      <UniqueIdentifier>{da8a4b03-e129-41da-bb5b-3906825e2906}</UniqueIdentifier>
    </Filter>
    <Filter Include="03. Game\05. Object\6. Skill\1. Player_Skill">
      <UniqueIdentifier>{bd96ce94-7a5e-4eb8-9c7e-d29ecef1918e}</UniqueIdentifier>
    </Filter>
    <Filter Include="03. Game\05. Object\6. Skill\1. Player_Skill\1. Attack">
      <UniqueIdentifier>{9749c9dd-a27a-4c2e-97e1-f7a1a5984baf}</UniqueIdentifier>
    </Filter>
    <Filter Include="03. Game\05. Object\6. Skill\1. Player_Skill\2. Missile">
      <UniqueIdentifier>{64beaa63-4bd1-4273-884b-f2469ea15d0e}</UniqueIdentifier>
    </Filter>
    <Filter Include="03. Game\05. Object\6. Skill\1. Player_Skill\2. Missile\1. missile">
      <UniqueIdentifier>{213c771e-ac40-435d-9b6d-191ba3e1ba46}</UniqueIdentifier>
    </Filter>
    <Filter Include="03. Game\05. Object\6. Skill\1. Player_Skill\2. Missile\2. ball">
      <UniqueIdentifier>{1a8865c3-613e-4625-9e75-86d61a2cec35}</UniqueIdentifier>
    </Filter>
    <Filter Include="03. Game\05. Object\6. Skill\1. Player_Skill\3. Slash">
      <UniqueIdentifier>{2192986a-b9c4-49f5-938a-01f26fd5f01b}</UniqueIdentifier>
    </Filter>
    <Filter Include="03. Game\05. Object\6. Skill\1. Player_Skill\4. Special">
      <UniqueIdentifier>{25e56372-8235-4013-bdc8-837877cc79a6}</UniqueIdentifier>
    </Filter>
    <Filter Include="03. Game\05. Object\6. Skill\1. Player_Skill\5. Buff">
      <UniqueIdentifier>{5a59bfa8-1963-4b56-a040-bfa8b5b9f70e}</UniqueIdentifier>
    </Filter>
    <Filter Include="03. Game\05. Object\6. Skill\1. Player_Skill\6. DoubleJump">
      <UniqueIdentifier>{2c7c9d56-9d47-4b52-896b-f4f562a4d1a1}</UniqueIdentifier>
    </Filter>
    <Filter Include="03. Game\05. Object\6. Skill\1. Player_Skill\7. HighJump">
      <UniqueIdentifier>{55b2eb40-60f0-4387-971c-d458443227e3}</UniqueIdentifier>
    </Filter>
    <Filter Include="03. Game\05. Object\6. Skill\2. Boss_Skill">
      <UniqueIdentifier>{8cfe83a4-9b31-4900-aea8-9418fed5da93}</UniqueIdentifier>
    </Filter>
    <Filter Include="03. Game\05. Object\7. Effect\1. Player_Effect">
      <UniqueIdentifier>{17d7ec3d-655b-496b-ba93-df987c33141e}</UniqueIdentifier>
    </Filter>
    <Filter Include="03. Game\05. Object\7. Effect\1. Player_Effect\4. Special">
      <UniqueIdentifier>{4c91be43-f2a2-4cb6-beda-0dd47fc864ac}</UniqueIdentifier>
    </Filter>
    <Filter Include="03. Game\05. Object\7. Effect\1. Player_Effect\1. Attack">
      <UniqueIdentifier>{93c25c4c-6407-42a5-9ce4-fb09478c2468}</UniqueIdentifier>
    </Filter>
    <Filter Include="03. Game\05. Object\7. Effect\1. Player_Effect\2. Missile">
      <UniqueIdentifier>{ec6d6c07-faec-4afa-90c3-04c435a22e16}</UniqueIdentifier>
    </Filter>
    <Filter Include="03. Game\05. Object\7. Effect\1. Player_Effect\3. Slash">
      <UniqueIdentifier>{62536544-6639-4570-9ecb-23bcd70eb417}</UniqueIdentifier>
    </Filter>
    <Filter Include="03. Game\05. Object\7. Effect\2. Boss_Effect">
      <UniqueIdentifier>{10ac7e53-5798-44b9-8a35-358c656757e0}</UniqueIdentifier>
    </Filter>
    <Filter Include="03. Game\05. Object\6. Skill\2. Boss_Skill\1. Ball">
      <UniqueIdentifier>{757013bf-a8ba-4a98-9991-668d278ac514}</UniqueIdentifier>
    </Filter>
    <Filter Include="03. Game\05. Object\6. Skill\2. Boss_Skill\2. Genesis">
      <UniqueIdentifier>{ab942fea-1809-4e1b-a80f-8a7f4da19b66}</UniqueIdentifier>
    </Filter>
    <Filter Include="03. Game\05. Object\6. Skill\2. Boss_Skill\3. Firebird">
      <UniqueIdentifier>{18bae139-e0ec-4b87-902e-8dbabf5fd082}</UniqueIdentifier>
    </Filter>
    <Filter Include="03. Game\05. Object\6. Skill\2. Boss_Skill\4. Tornado">
      <UniqueIdentifier>{b9310024-2bf0-4b0d-b22e-f2ed47cf6e27}</UniqueIdentifier>
    </Filter>
    <Filter Include="03. Game\05. Object\7. Effect\2. Boss_Effect\1. Ball">
      <UniqueIdentifier>{6b0e015d-0ded-4b09-baaa-959ca99898be}</UniqueIdentifier>
    </Filter>
    <Filter Include="03. Game\05. Object\7. Effect\2. Boss_Effect\2. Genesis">
      <UniqueIdentifier>{b0f3db95-b371-4a97-b02c-971d5ba2ab4a}</UniqueIdentifier>
    </Filter>
    <Filter Include="03. Game\05. Object\7. Effect\2. Boss_Effect\3. Firebird">
      <UniqueIdentifier>{fa55fb7b-b9e0-4470-8909-9da8ba447688}</UniqueIdentifier>
    </Filter>
    <Filter Include="03. Game\05. Object\7. Effect\2. Boss_Effect\4. Tornado">
      <UniqueIdentifier>{b36f6018-7bfc-4665-ac12-2bcb5ccf6cdf}</UniqueIdentifier>
    </Filter>
    <Filter Include="03. Game\08. Module\State\2. MonsterState">
      <UniqueIdentifier>{94db36c4-f659-4cd4-b7bf-8c0caaaa14a3}</UniqueIdentifier>
    </Filter>
    <Filter Include="03. Game\08. Module\State\2. MonsterState\1. BLUE">
      <UniqueIdentifier>{fae33fcf-abe9-40f7-876e-2b84bc216413}</UniqueIdentifier>
    </Filter>
    <Filter Include="03. Game\08. Module\State\2. MonsterState\2. RED">
      <UniqueIdentifier>{f7351e22-c859-44f1-a0f7-39db0c53427b}</UniqueIdentifier>
    </Filter>
    <Filter Include="03. Game\08. Module\State\3. BossState">
      <UniqueIdentifier>{aad83735-37d8-4323-8c72-dd585f31a060}</UniqueIdentifier>
    </Filter>
    <Filter Include="03. Game\08. Module\State\1. PlayerState">
      <UniqueIdentifier>{89fb0671-31f6-4dd1-99c9-265b756dde21}</UniqueIdentifier>
    </Filter>
    <Filter Include="03. Game\08. Module\State\3. BossState\1. Idle">
      <UniqueIdentifier>{ff8df37b-2954-4785-adef-2aff877ee785}</UniqueIdentifier>
    </Filter>
    <Filter Include="03. Game\08. Module\State\3. BossState\2. Ball">
      <UniqueIdentifier>{5cb524c9-6057-40f7-8366-10cbc45fb433}</UniqueIdentifier>
    </Filter>
    <Filter Include="03. Game\08. Module\State\3. BossState\3. Genesis">
      <UniqueIdentifier>{c0f8e12a-836b-4741-a48c-ee376faefb4d}</UniqueIdentifier>
    </Filter>
    <Filter Include="03. Game\08. Module\State\3. BossState\4. Firebird">
      <UniqueIdentifier>{f3997a39-90c8-439d-ac77-8813ab92f9c0}</UniqueIdentifier>
    </Filter>
    <Filter Include="03. Game\08. Module\State\3. BossState\5. Tornado">
      <UniqueIdentifier>{5502fb35-823b-4629-aaf6-fb8c405f794c}</UniqueIdentifier>
    </Filter>
    <Filter Include="03. Game\08. Module\State\3. BossState\6. Dead">
      <UniqueIdentifier>{24a19cd5-85f8-4033-8dd8-16f94c0f4b51}</UniqueIdentifier>
    </Filter>
  </ItemGroup>
  <ItemGroup>
    <ClInclude Include="targetver.h">
      <Filter>02. Main</Filter>
    </ClInclude>
    <ClInclude Include="framework.h">
      <Filter>02. Main</Filter>
    </ClInclude>
    <ClInclude Include="GameClient.h">
      <Filter>02. Main</Filter>
    </ClInclude>
    <ClInclude Include="Resource.h">
      <Filter>02. Main</Filter>
    </ClInclude>
    <ClInclude Include="qEntity.h">
      <Filter>03. Game</Filter>
    </ClInclude>
    <ClInclude Include="pch.h">
      <Filter>02. Main</Filter>
    </ClInclude>
    <ClInclude Include="qObj.h">
      <Filter>03. Game\05. Object</Filter>
    </ClInclude>
    <ClInclude Include="qEngine.h">
      <Filter>03. Game\02. Engine</Filter>
    </ClInclude>
    <ClInclude Include="define.h">
      <Filter>03. Game\01. Header</Filter>
    </ClInclude>
    <ClInclude Include="enum.h">
      <Filter>03. Game\01. Header</Filter>
    </ClInclude>
    <ClInclude Include="qSelectObj.h">
      <Filter>03. Game\08. Module</Filter>
    </ClInclude>
    <ClInclude Include="qLevel.h">
      <Filter>03. Game\04. Level</Filter>
    </ClInclude>
    <ClInclude Include="qLevelMgr.h">
      <Filter>03. Game\03. Manager\05. LevelMgr</Filter>
    </ClInclude>
    <ClInclude Include="struct.h">
      <Filter>03. Game\01. Header</Filter>
    </ClInclude>
    <ClInclude Include="qTimeMgr.h">
      <Filter>03. Game\03. Manager\01. TimeMgr</Filter>
    </ClInclude>
    <ClInclude Include="qPlayer.h">
      <Filter>03. Game\05. Object\1. Player</Filter>
    </ClInclude>
    <ClInclude Include="qMissile.h">
      <Filter>03. Game\05. Object\12. Missile</Filter>
    </ClInclude>
    <ClInclude Include="qKeyMgr.h">
      <Filter>03. Game\03. Manager\02. KeyMgr</Filter>
    </ClInclude>
    <ClInclude Include="qComponent.h">
      <Filter>03. Game\06. Component</Filter>
    </ClInclude>
    <ClInclude Include="qCollider.h">
      <Filter>03. Game\06. Component\01. Collider</Filter>
    </ClInclude>
    <ClInclude Include="qAnimator.h">
      <Filter>03. Game\06. Component\02. Animator</Filter>
    </ClInclude>
    <ClInclude Include="qRigidbody.h">
      <Filter>03. Game\06. Component\03. Rigidbody</Filter>
    </ClInclude>
    <ClInclude Include="qFSM.h">
      <Filter>03. Game\06. Component\04. FSM</Filter>
    </ClInclude>
    <ClInclude Include="qDbgRender.h">
      <Filter>03. Game\03. Manager\07. DbgRender</Filter>
    </ClInclude>
    <ClInclude Include="func.h">
      <Filter>03. Game\01. Header</Filter>
    </ClInclude>
    <ClInclude Include="qCollisionMgr.h">
      <Filter>03. Game\03. Manager\06. CollisionMgr</Filter>
    </ClInclude>
    <ClInclude Include="qAsset.h">
      <Filter>03. Game\07. Asset</Filter>
    </ClInclude>
    <ClInclude Include="qSound.h">
      <Filter>03. Game\07. Asset\Sound</Filter>
    </ClInclude>
    <ClInclude Include="qTexture.h">
      <Filter>03. Game\07. Asset\Texture</Filter>
    </ClInclude>
    <ClInclude Include="qAssetMgr.h">
      <Filter>03. Game\03. Manager\03. AssetMgr</Filter>
    </ClInclude>
    <ClInclude Include="qPathMgr.h">
      <Filter>03. Game\03. Manager\04. PathMgr</Filter>
    </ClInclude>
    <ClInclude Include="qTaskMgr.h">
      <Filter>03. Game\03. Manager\08. TaskMgr</Filter>
    </ClInclude>
    <ClInclude Include="qGuideMissile.h">
      <Filter>03. Game\05. Object\12. Missile\GuideMissile</Filter>
    </ClInclude>
    <ClInclude Include="qAnimation.h">
      <Filter>03. Game\08. Module\Animation</Filter>
    </ClInclude>
    <ClInclude Include="qForce.h">
      <Filter>03. Game\05. Object\13. Force</Filter>
    </ClInclude>
    <ClInclude Include="qCamera.h">
      <Filter>03. Game\03. Manager\09. Camera</Filter>
    </ClInclude>
    <ClInclude Include="qLevel_Editor.h">
      <Filter>03. Game\04. Level\03. Editor</Filter>
    </ClInclude>
    <ClInclude Include="qTile.h">
      <Filter>03. Game\05. Object\11. Tile</Filter>
    </ClInclude>
    <ClInclude Include="qTileMap.h">
      <Filter>03. Game\06. Component\05. TileMap</Filter>
    </ClInclude>
    <ClInclude Include="qUI.h">
      <Filter>03. Game\05. Object\10. UI</Filter>
    </ClInclude>
    <ClInclude Include="qUIMgr.h">
      <Filter>03. Game\03. Manager\10. UIMgr</Filter>
    </ClInclude>
    <ClInclude Include="qLevel_Logo.h">
      <Filter>03. Game\04. Level\01. Logo</Filter>
    </ClInclude>
    <ClInclude Include="qLevel_Start.h">
      <Filter>03. Game\04. Level\02. Start</Filter>
    </ClInclude>
    <ClInclude Include="qSoundMgr.h">
      <Filter>03. Game\03. Manager\11. SoundMgr</Filter>
    </ClInclude>
    <ClInclude Include="qBackground_stage1.h">
      <Filter>03. Game\05. Object\5. Background\3. STAGE_1</Filter>
    </ClInclude>
    <ClInclude Include="qLogo.h">
      <Filter>03. Game\05. Object\5. Background\1. LOGO</Filter>
    </ClInclude>
    <ClInclude Include="qBackground_stage2.h">
      <Filter>03. Game\05. Object\5. Background\4. STAGE_2</Filter>
    </ClInclude>
    <ClInclude Include="qBackground_boss1.h">
      <Filter>03. Game\05. Object\5. Background\5. BOSS_1</Filter>
    </ClInclude>
    <ClInclude Include="qLevel_stage1.h">
      <Filter>03. Game\04. Level\04. Stage\1. STAGE_1</Filter>
    </ClInclude>
    <ClInclude Include="qLevel_stage2.h">
      <Filter>03. Game\04. Level\04. Stage\2. STAGE_2</Filter>
    </ClInclude>
    <ClInclude Include="qLevel_boss1.h">
      <Filter>03. Game\04. Level\04. Stage\3. BOSS_1</Filter>
    </ClInclude>
    <ClInclude Include="qBackground_boss2.h">
      <Filter>03. Game\05. Object\5. Background\6. BOSS_2</Filter>
    </ClInclude>
    <ClInclude Include="qLevel_boss2.h">
      <Filter>03. Game\04. Level\04. Stage\4. BOSS_2</Filter>
    </ClInclude>
    <ClInclude Include="qPlatform.h">
      <Filter>03. Game\05. Object\9. Platform\1. Platform</Filter>
    </ClInclude>
    <ClInclude Include="qRope.h">
      <Filter>03. Game\05. Object\9. Platform\2. Rope</Filter>
    </ClInclude>
    <ClInclude Include="qPortal.h">
      <Filter>03. Game\05. Object\9. Platform\3. Portal</Filter>
    </ClInclude>
    <ClInclude Include="qBackground_start.h">
      <Filter>03. Game\05. Object\5. Background\2. START</Filter>
    </ClInclude>
    <ClInclude Include="qMonster_blue.h">
      <Filter>03. Game\05. Object\2. Monster\1. BLUE</Filter>
    </ClInclude>
    <ClInclude Include="qMonster_red.h">
      <Filter>03. Game\05. Object\2. Monster\2. RED</Filter>
    </ClInclude>
    <ClInclude Include="qSkill_attack_left.h">
      <Filter>03. Game\05. Object\6. Skill\1. Player_Skill\1. Attack</Filter>
    </ClInclude>
    <ClInclude Include="qSkill_buff.h">
      <Filter>03. Game\05. Object\6. Skill\1. Player_Skill\5. Buff</Filter>
    </ClInclude>
    <ClInclude Include="qSkill_special_left.h">
      <Filter>03. Game\05. Object\6. Skill\1. Player_Skill\4. Special</Filter>
    </ClInclude>
    <ClInclude Include="qSkill_slash_left.h">
      <Filter>03. Game\05. Object\6. Skill\1. Player_Skill\3. Slash</Filter>
    </ClInclude>
    <ClInclude Include="qButton.h">
      <Filter>03. Game\05. Object\10. UI\ButtonUI</Filter>
    </ClInclude>
    <ClInclude Include="qSkill_doublejump_left.h">
      <Filter>03. Game\05. Object\6. Skill\1. Player_Skill\6. DoubleJump</Filter>
    </ClInclude>
    <ClInclude Include="qSkill_attack_right.h">
      <Filter>03. Game\05. Object\6. Skill\1. Player_Skill\1. Attack</Filter>
    </ClInclude>
    <ClInclude Include="qSkill_missile_left.h">
      <Filter>03. Game\05. Object\6. Skill\1. Player_Skill\2. Missile\1. missile</Filter>
    </ClInclude>
    <ClInclude Include="qSkill_missile_right.h">
      <Filter>03. Game\05. Object\6. Skill\1. Player_Skill\2. Missile\1. missile</Filter>
    </ClInclude>
    <ClInclude Include="qSkill_missile_ball_left.h">
      <Filter>03. Game\05. Object\6. Skill\1. Player_Skill\2. Missile\2. ball</Filter>
    </ClInclude>
    <ClInclude Include="qSkill_missile_ball_right.h">
      <Filter>03. Game\05. Object\6. Skill\1. Player_Skill\2. Missile\2. ball</Filter>
    </ClInclude>
    <ClInclude Include="qSkill_slash_right.h">
      <Filter>03. Game\05. Object\6. Skill\1. Player_Skill\3. Slash</Filter>
    </ClInclude>
    <ClInclude Include="qSkill_special_right.h">
      <Filter>03. Game\05. Object\6. Skill\1. Player_Skill\4. Special</Filter>
    </ClInclude>
    <ClInclude Include="qSkill_doublejump_right.h">
      <Filter>03. Game\05. Object\6. Skill\1. Player_Skill\6. DoubleJump</Filter>
    </ClInclude>
    <ClInclude Include="qSkill_highjump.h">
      <Filter>03. Game\05. Object\6. Skill\1. Player_Skill\7. HighJump</Filter>
    </ClInclude>
    <ClInclude Include="qDummy_blue.h">
      <Filter>03. Game\05. Object\2. Monster\3. Dummy_BLUE</Filter>
    </ClInclude>
    <ClInclude Include="qDummy_red.h">
      <Filter>03. Game\05. Object\2. Monster\4. Dummy_Red</Filter>
    </ClInclude>
    <ClInclude Include="qBlueMoveState.h">
      <Filter>03. Game\08. Module\State\2. MonsterState\1. BLUE</Filter>
    </ClInclude>
    <ClInclude Include="qBlueIdleState.h">
      <Filter>03. Game\08. Module\State\2. MonsterState\1. BLUE</Filter>
    </ClInclude>
    <ClInclude Include="qRedIdleState.h">
      <Filter>03. Game\08. Module\State\2. MonsterState\2. RED</Filter>
    </ClInclude>
    <ClInclude Include="qRedMoveState.h">
      <Filter>03. Game\08. Module\State\2. MonsterState\2. RED</Filter>
    </ClInclude>
    <ClInclude Include="qBlueDeadState.h">
      <Filter>03. Game\08. Module\State\2. MonsterState\1. BLUE</Filter>
    </ClInclude>
    <ClInclude Include="qRedDeadState.h">
      <Filter>03. Game\08. Module\State\2. MonsterState\2. RED</Filter>
    </ClInclude>
    <ClInclude Include="qEffect_attack.h">
      <Filter>03. Game\05. Object\7. Effect\1. Player_Effect\1. Attack</Filter>
    </ClInclude>
    <ClInclude Include="qEffect_missile.h">
      <Filter>03. Game\05. Object\7. Effect\1. Player_Effect\2. Missile</Filter>
    </ClInclude>
    <ClInclude Include="qEffect_slash.h">
      <Filter>03. Game\05. Object\7. Effect\1. Player_Effect\3. Slash</Filter>
    </ClInclude>
    <ClInclude Include="qEffect_special.h">
      <Filter>03. Game\05. Object\7. Effect\1. Player_Effect\4. Special</Filter>
    </ClInclude>
    <ClInclude Include="qDamage_miss.h">
      <Filter>03. Game\05. Object\8. Damage\5. Miss</Filter>
    </ClInclude>
    <ClInclude Include="qDamage_attack.h">
      <Filter>03. Game\05. Object\8. Damage\1. Attack</Filter>
    </ClInclude>
    <ClInclude Include="qDamage_missile.h">
      <Filter>03. Game\05. Object\8. Damage\2. Missile</Filter>
    </ClInclude>
    <ClInclude Include="qDamage_slash.h">
      <Filter>03. Game\05. Object\8. Damage\3. Slash</Filter>
    </ClInclude>
    <ClInclude Include="qDamage_special.h">
      <Filter>03. Game\05. Object\8. Damage\4. Special</Filter>
    </ClInclude>
    <ClInclude Include="qRespawnMgr.h">
      <Filter>03. Game\03. Manager\12. RespawnMgr</Filter>
    </ClInclude>
    <ClInclude Include="qSpawner_blue1.h">
      <Filter>03. Game\05. Object\3. Spawner\1. BLUE_1</Filter>
    </ClInclude>
    <ClInclude Include="qSpawner_blue2.h">
      <Filter>03. Game\05. Object\3. Spawner\2. BLUE_2</Filter>
    </ClInclude>
    <ClInclude Include="qSpawner_blue3.h">
      <Filter>03. Game\05. Object\3. Spawner\3. BLUE_3</Filter>
    </ClInclude>
    <ClInclude Include="qSpawner_red1.h">
      <Filter>03. Game\05. Object\3. Spawner\4. RED_1</Filter>
    </ClInclude>
    <ClInclude Include="qSpawner_red2.h">
      <Filter>03. Game\05. Object\3. Spawner\5. RED_2</Filter>
    </ClInclude>
    <ClInclude Include="qBoss.h">
      <Filter>03. Game\05. Object\4. Boss</Filter>
    </ClInclude>
    <ClInclude Include="qBossIdleState.h">
      <Filter>03. Game\08. Module\State\3. BossState\1. Idle</Filter>
    </ClInclude>
    <ClInclude Include="qBossBallState.h">
      <Filter>03. Game\08. Module\State\3. BossState\2. Ball</Filter>
    </ClInclude>
    <ClInclude Include="qBossGenesisState.h">
      <Filter>03. Game\08. Module\State\3. BossState\3. Genesis</Filter>
    </ClInclude>
    <ClInclude Include="qBossFirebirdState.h">
      <Filter>03. Game\08. Module\State\3. BossState\4. Firebird</Filter>
    </ClInclude>
    <ClInclude Include="qBossTornadoState.h">
      <Filter>03. Game\08. Module\State\3. BossState\5. Tornado</Filter>
    </ClInclude>
    <ClInclude Include="qBossDeadState.h">
      <Filter>03. Game\08. Module\State\3. BossState\6. Dead</Filter>
    </ClInclude>
    <ClInclude Include="qState.h">
      <Filter>03. Game\08. Module\State</Filter>
    </ClInclude>
    <ClInclude Include="qBossSkill_ball_left.h">
      <Filter>03. Game\05. Object\6. Skill\2. Boss_Skill\1. Ball</Filter>
    </ClInclude>
    <ClInclude Include="qBossSkill_tornado.h">
      <Filter>03. Game\05. Object\6. Skill\2. Boss_Skill\4. Tornado</Filter>
    </ClInclude>
    <ClInclude Include="qBossSkill_genesis.h">
      <Filter>03. Game\05. Object\6. Skill\2. Boss_Skill\2. Genesis</Filter>
    </ClInclude>
    <ClInclude Include="qBossSkill_firebird.h">
      <Filter>03. Game\05. Object\6. Skill\2. Boss_Skill\3. Firebird</Filter>
    </ClInclude>
    <ClInclude Include="qBossSkill_ball_right.h">
      <Filter>03. Game\05. Object\6. Skill\2. Boss_Skill\1. Ball</Filter>
    </ClInclude>
    <ClInclude Include="qBossEffect_ball.h">
      <Filter>03. Game\05. Object\7. Effect\2. Boss_Effect\1. Ball</Filter>
    </ClInclude>
    <ClInclude Include="qBossEffect_firebird.h">
      <Filter>03. Game\05. Object\7. Effect\2. Boss_Effect\3. Firebird</Filter>
    </ClInclude>
    <ClInclude Include="qBossEffect_tornado.h">
      <Filter>03. Game\05. Object\7. Effect\2. Boss_Effect\4. Tornado</Filter>
    </ClInclude>
    <ClInclude Include="qBossEffect_genesis.h">
      <Filter>03. Game\05. Object\7. Effect\2. Boss_Effect\2. Genesis</Filter>
    </ClInclude>
  </ItemGroup>
  <ItemGroup>
    <ResourceCompile Include="GameClient.rc">
      <Filter>01. 리소스 파일</Filter>
    </ResourceCompile>
  </ItemGroup>
  <ItemGroup>
    <Image Include="small.ico">
      <Filter>01. 리소스 파일</Filter>
    </Image>
    <Image Include="GameClient.ico">
      <Filter>01. 리소스 파일</Filter>
    </Image>
  </ItemGroup>
  <ItemGroup>
    <ClCompile Include="main.cpp">
      <Filter>02. Main</Filter>
    </ClCompile>
    <ClCompile Include="qEntity.cpp">
      <Filter>03. Game</Filter>
    </ClCompile>
    <ClCompile Include="pch.cpp">
      <Filter>02. Main</Filter>
    </ClCompile>
    <ClCompile Include="qObj.cpp">
      <Filter>03. Game\05. Object</Filter>
    </ClCompile>
    <ClCompile Include="qEngine.cpp">
      <Filter>03. Game\02. Engine</Filter>
    </ClCompile>
    <ClCompile Include="qSelectObj.cpp">
      <Filter>03. Game\08. Module</Filter>
    </ClCompile>
    <ClCompile Include="qLevel.cpp">
      <Filter>03. Game\04. Level</Filter>
    </ClCompile>
    <ClCompile Include="qLevelMgr.cpp">
      <Filter>03. Game\03. Manager\05. LevelMgr</Filter>
    </ClCompile>
    <ClCompile Include="qTimeMgr.cpp">
      <Filter>03. Game\03. Manager\01. TimeMgr</Filter>
    </ClCompile>
    <ClCompile Include="qPlayer.cpp">
      <Filter>03. Game\05. Object\1. Player</Filter>
    </ClCompile>
    <ClCompile Include="qMissile.cpp">
      <Filter>03. Game\05. Object\12. Missile</Filter>
    </ClCompile>
    <ClCompile Include="qKeyMgr.cpp">
      <Filter>03. Game\03. Manager\02. KeyMgr</Filter>
    </ClCompile>
    <ClCompile Include="qComponent.cpp">
      <Filter>03. Game\06. Component</Filter>
    </ClCompile>
    <ClCompile Include="qCollider.cpp">
      <Filter>03. Game\06. Component\01. Collider</Filter>
    </ClCompile>
    <ClCompile Include="qAnimator.cpp">
      <Filter>03. Game\06. Component\02. Animator</Filter>
    </ClCompile>
    <ClCompile Include="qRigidbody.cpp">
      <Filter>03. Game\06. Component\03. Rigidbody</Filter>
    </ClCompile>
    <ClCompile Include="qFSM.cpp">
      <Filter>03. Game\06. Component\04. FSM</Filter>
    </ClCompile>
    <ClCompile Include="qDbgRender.cpp">
      <Filter>03. Game\03. Manager\07. DbgRender</Filter>
    </ClCompile>
    <ClCompile Include="func.cpp">
      <Filter>03. Game\01. Header</Filter>
    </ClCompile>
    <ClCompile Include="qCollisionMgr.cpp">
      <Filter>03. Game\03. Manager\06. CollisionMgr</Filter>
    </ClCompile>
    <ClCompile Include="qAsset.cpp">
      <Filter>03. Game\07. Asset</Filter>
    </ClCompile>
    <ClCompile Include="qSound.cpp">
      <Filter>03. Game\07. Asset\Sound</Filter>
    </ClCompile>
    <ClCompile Include="qTexture.cpp">
      <Filter>03. Game\07. Asset\Texture</Filter>
    </ClCompile>
    <ClCompile Include="qAssetMgr.cpp">
      <Filter>03. Game\03. Manager\03. AssetMgr</Filter>
    </ClCompile>
    <ClCompile Include="qPathMgr.cpp">
      <Filter>03. Game\03. Manager\04. PathMgr</Filter>
    </ClCompile>
    <ClCompile Include="qTaskMgr.cpp">
      <Filter>03. Game\03. Manager\08. TaskMgr</Filter>
    </ClCompile>
    <ClCompile Include="qGuideMissile.cpp">
      <Filter>03. Game\05. Object\12. Missile\GuideMissile</Filter>
    </ClCompile>
    <ClCompile Include="qAnimation.cpp">
      <Filter>03. Game\08. Module\Animation</Filter>
    </ClCompile>
    <ClCompile Include="qForce.cpp">
      <Filter>03. Game\05. Object\13. Force</Filter>
    </ClCompile>
    <ClCompile Include="qCamera.cpp">
      <Filter>03. Game\03. Manager\09. Camera</Filter>
    </ClCompile>
    <ClCompile Include="qLevel_Editor.cpp">
      <Filter>03. Game\04. Level\03. Editor</Filter>
    </ClCompile>
    <ClCompile Include="qTile.cpp">
      <Filter>03. Game\05. Object\11. Tile</Filter>
    </ClCompile>
    <ClCompile Include="qTileMap.cpp">
      <Filter>03. Game\06. Component\05. TileMap</Filter>
    </ClCompile>
    <ClCompile Include="qUI.cpp">
      <Filter>03. Game\05. Object\10. UI</Filter>
    </ClCompile>
    <ClCompile Include="qUIMgr.cpp">
      <Filter>03. Game\03. Manager\10. UIMgr</Filter>
    </ClCompile>
    <ClCompile Include="qLevel_Logo.cpp">
      <Filter>03. Game\04. Level\01. Logo</Filter>
    </ClCompile>
    <ClCompile Include="qLevel_Start.cpp">
      <Filter>03. Game\04. Level\02. Start</Filter>
    </ClCompile>
    <ClCompile Include="qSoundMgr.cpp">
      <Filter>03. Game\03. Manager\11. SoundMgr</Filter>
    </ClCompile>
    <ClCompile Include="qBackground_stage1.cpp">
      <Filter>03. Game\05. Object\5. Background\3. STAGE_1</Filter>
    </ClCompile>
    <ClCompile Include="qLogo.cpp">
      <Filter>03. Game\05. Object\5. Background\1. LOGO</Filter>
    </ClCompile>
    <ClCompile Include="qBackground_stage2.cpp">
      <Filter>03. Game\05. Object\5. Background\4. STAGE_2</Filter>
    </ClCompile>
    <ClCompile Include="qBackground_boss1.cpp">
      <Filter>03. Game\05. Object\5. Background\5. BOSS_1</Filter>
    </ClCompile>
    <ClCompile Include="qLevel_stage1.cpp">
      <Filter>03. Game\04. Level\04. Stage\1. STAGE_1</Filter>
    </ClCompile>
    <ClCompile Include="qLevel_stage2.cpp">
      <Filter>03. Game\04. Level\04. Stage\2. STAGE_2</Filter>
    </ClCompile>
    <ClCompile Include="qLevel_boss1.cpp">
      <Filter>03. Game\04. Level\04. Stage\3. BOSS_1</Filter>
    </ClCompile>
    <ClCompile Include="qBackground_boss2.cpp">
      <Filter>03. Game\05. Object\5. Background\6. BOSS_2</Filter>
    </ClCompile>
    <ClCompile Include="qLevel_boss2.cpp">
      <Filter>03. Game\04. Level\04. Stage\4. BOSS_2</Filter>
    </ClCompile>
    <ClCompile Include="qPlatform.cpp">
      <Filter>03. Game\05. Object\9. Platform\1. Platform</Filter>
    </ClCompile>
    <ClCompile Include="qRope.cpp">
      <Filter>03. Game\05. Object\9. Platform\2. Rope</Filter>
    </ClCompile>
    <ClCompile Include="qPortal.cpp">
      <Filter>03. Game\05. Object\9. Platform\3. Portal</Filter>
    </ClCompile>
    <ClCompile Include="qBackground_start.cpp">
      <Filter>03. Game\05. Object\5. Background\2. START</Filter>
    </ClCompile>
    <ClCompile Include="qMonster_blue.cpp">
      <Filter>03. Game\05. Object\2. Monster\1. BLUE</Filter>
    </ClCompile>
    <ClCompile Include="qMonster_red.cpp">
      <Filter>03. Game\05. Object\2. Monster\2. RED</Filter>
    </ClCompile>
    <ClCompile Include="qSkill_attack_left.cpp">
      <Filter>03. Game\05. Object\6. Skill\1. Player_Skill\1. Attack</Filter>
    </ClCompile>
    <ClCompile Include="qSkill_buff.cpp">
      <Filter>03. Game\05. Object\6. Skill\1. Player_Skill\5. Buff</Filter>
    </ClCompile>
    <ClCompile Include="qSkill_special_left.cpp">
      <Filter>03. Game\05. Object\6. Skill\1. Player_Skill\4. Special</Filter>
    </ClCompile>
    <ClCompile Include="qSkill_slash_left.cpp">
      <Filter>03. Game\05. Object\6. Skill\1. Player_Skill\3. Slash</Filter>
    </ClCompile>
    <ClCompile Include="qButton.cpp">
      <Filter>03. Game\05. Object\10. UI\ButtonUI</Filter>
    </ClCompile>
    <ClCompile Include="qSkill_doublejump_left.cpp">
      <Filter>03. Game\05. Object\6. Skill\1. Player_Skill\6. DoubleJump</Filter>
    </ClCompile>
    <ClCompile Include="qSkill_attack_right.cpp">
      <Filter>03. Game\05. Object\6. Skill\1. Player_Skill\1. Attack</Filter>
    </ClCompile>
    <ClCompile Include="qSkill_missile_left.cpp">
      <Filter>03. Game\05. Object\6. Skill\1. Player_Skill\2. Missile\1. missile</Filter>
    </ClCompile>
    <ClCompile Include="qSkill_missile_right.cpp">
      <Filter>03. Game\05. Object\6. Skill\1. Player_Skill\2. Missile\1. missile</Filter>
    </ClCompile>
    <ClCompile Include="qSkill_missile_ball_left.cpp">
      <Filter>03. Game\05. Object\6. Skill\1. Player_Skill\2. Missile\2. ball</Filter>
    </ClCompile>
    <ClCompile Include="qSkill_missile_ball_right.cpp">
      <Filter>03. Game\05. Object\6. Skill\1. Player_Skill\2. Missile\2. ball</Filter>
    </ClCompile>
    <ClCompile Include="qSkill_slash_right.cpp">
      <Filter>03. Game\05. Object\6. Skill\1. Player_Skill\3. Slash</Filter>
    </ClCompile>
    <ClCompile Include="qSkill_special_right.cpp">
      <Filter>03. Game\05. Object\6. Skill\1. Player_Skill\4. Special</Filter>
    </ClCompile>
    <ClCompile Include="qSkill_doublejump_right.cpp">
      <Filter>03. Game\05. Object\6. Skill\1. Player_Skill\6. DoubleJump</Filter>
    </ClCompile>
    <ClCompile Include="qSkill_highjump.cpp">
      <Filter>03. Game\05. Object\6. Skill\1. Player_Skill\7. HighJump</Filter>
    </ClCompile>
    <ClCompile Include="qDummy_blue.cpp">
      <Filter>03. Game\05. Object\2. Monster\3. Dummy_BLUE</Filter>
    </ClCompile>
    <ClCompile Include="qDummy_red.cpp">
      <Filter>03. Game\05. Object\2. Monster\4. Dummy_Red</Filter>
    </ClCompile>
    <ClCompile Include="qBlueIdleState.cpp">
      <Filter>03. Game\08. Module\State\2. MonsterState\1. BLUE</Filter>
    </ClCompile>
    <ClCompile Include="qBlueMoveState.cpp">
      <Filter>03. Game\08. Module\State\2. MonsterState\1. BLUE</Filter>
    </ClCompile>
    <ClCompile Include="qRedIdleState.cpp">
      <Filter>03. Game\08. Module\State\2. MonsterState\2. RED</Filter>
    </ClCompile>
    <ClCompile Include="qRedMoveState.cpp">
      <Filter>03. Game\08. Module\State\2. MonsterState\2. RED</Filter>
    </ClCompile>
    <ClCompile Include="qBlueDeadState.cpp">
      <Filter>03. Game\08. Module\State\2. MonsterState\1. BLUE</Filter>
    </ClCompile>
    <ClCompile Include="qRedDeadState.cpp">
      <Filter>03. Game\08. Module\State\2. MonsterState\2. RED</Filter>
    </ClCompile>
    <ClCompile Include="qEffect_attack.cpp">
      <Filter>03. Game\05. Object\7. Effect\1. Player_Effect\1. Attack</Filter>
    </ClCompile>
    <ClCompile Include="qEffect_missile.cpp">
      <Filter>03. Game\05. Object\7. Effect\1. Player_Effect\2. Missile</Filter>
    </ClCompile>
    <ClCompile Include="qEffect_slash.cpp">
      <Filter>03. Game\05. Object\7. Effect\1. Player_Effect\3. Slash</Filter>
    </ClCompile>
    <ClCompile Include="qEffect_special.cpp">
      <Filter>03. Game\05. Object\7. Effect\1. Player_Effect\4. Special</Filter>
    </ClCompile>
    <ClCompile Include="qDamage_miss.cpp">
      <Filter>03. Game\05. Object\8. Damage\5. Miss</Filter>
    </ClCompile>
    <ClCompile Include="qDamage_attack.cpp">
      <Filter>03. Game\05. Object\8. Damage\1. Attack</Filter>
    </ClCompile>
    <ClCompile Include="qDamage_missile.cpp">
      <Filter>03. Game\05. Object\8. Damage\2. Missile</Filter>
    </ClCompile>
    <ClCompile Include="qDamage_slash.cpp">
      <Filter>03. Game\05. Object\8. Damage\3. Slash</Filter>
    </ClCompile>
    <ClCompile Include="qDamage_special.cpp">
      <Filter>03. Game\05. Object\8. Damage\4. Special</Filter>
    </ClCompile>
    <ClCompile Include="qRespawnMgr.cpp">
      <Filter>03. Game\03. Manager\12. RespawnMgr</Filter>
    </ClCompile>
    <ClCompile Include="qSpawner_blue1.cpp">
      <Filter>03. Game\05. Object\3. Spawner\1. BLUE_1</Filter>
    </ClCompile>
    <ClCompile Include="qSpawner_blue2.cpp">
      <Filter>03. Game\05. Object\3. Spawner\2. BLUE_2</Filter>
    </ClCompile>
    <ClCompile Include="qSpawner_blue3.cpp">
      <Filter>03. Game\05. Object\3. Spawner\3. BLUE_3</Filter>
    </ClCompile>
    <ClCompile Include="qSpawner_red1.cpp">
      <Filter>03. Game\05. Object\3. Spawner\4. RED_1</Filter>
    </ClCompile>
    <ClCompile Include="qSpawner_red2.cpp">
      <Filter>03. Game\05. Object\3. Spawner\5. RED_2</Filter>
    </ClCompile>
    <ClCompile Include="qBoss.cpp">
      <Filter>03. Game\05. Object\4. Boss</Filter>
    </ClCompile>
    <ClCompile Include="qBossIdleState.cpp">
      <Filter>03. Game\08. Module\State\3. BossState\1. Idle</Filter>
    </ClCompile>
    <ClCompile Include="qBossBallState.cpp">
      <Filter>03. Game\08. Module\State\3. BossState\2. Ball</Filter>
    </ClCompile>
    <ClCompile Include="qBossGenesisState.cpp">
      <Filter>03. Game\08. Module\State\3. BossState\3. Genesis</Filter>
    </ClCompile>
    <ClCompile Include="qBossFirebirdState.cpp">
      <Filter>03. Game\08. Module\State\3. BossState\4. Firebird</Filter>
    </ClCompile>
    <ClCompile Include="qBossTornadoState.cpp">
      <Filter>03. Game\08. Module\State\3. BossState\5. Tornado</Filter>
    </ClCompile>
    <ClCompile Include="qBossDeadState.cpp">
      <Filter>03. Game\08. Module\State\3. BossState\6. Dead</Filter>
    </ClCompile>
    <ClCompile Include="qState.cpp">
      <Filter>03. Game\08. Module\State</Filter>
    </ClCompile>
    <ClCompile Include="qBossSkill_ball_left.cpp">
      <Filter>03. Game\05. Object\6. Skill\2. Boss_Skill\1. Ball</Filter>
    </ClCompile>
    <ClCompile Include="qBossSkill_tornado.cpp">
      <Filter>03. Game\05. Object\6. Skill\2. Boss_Skill\4. Tornado</Filter>
    </ClCompile>
    <ClCompile Include="qBossSkill_genesis.cpp">
      <Filter>03. Game\05. Object\6. Skill\2. Boss_Skill\2. Genesis</Filter>
    </ClCompile>
    <ClCompile Include="qBossSkill_firebird.cpp">
      <Filter>03. Game\05. Object\6. Skill\2. Boss_Skill\3. Firebird</Filter>
    </ClCompile>
    <ClCompile Include="qBossSkill_ball_right.cpp">
      <Filter>03. Game\05. Object\6. Skill\2. Boss_Skill\1. Ball</Filter>
    </ClCompile>
    <ClCompile Include="qBossEffect_ball.cpp">
      <Filter>03. Game\05. Object\7. Effect\2. Boss_Effect\1. Ball</Filter>
    </ClCompile>
    <ClCompile Include="qBossEffect_firebird.cpp">
      <Filter>03. Game\05. Object\7. Effect\2. Boss_Effect\3. Firebird</Filter>
    </ClCompile>
    <ClCompile Include="qBossEffect_tornado.cpp">
      <Filter>03. Game\05. Object\7. Effect\2. Boss_Effect\4. Tornado</Filter>
    </ClCompile>
    <ClCompile Include="qBossEffect_genesis.cpp">
      <Filter>03. Game\05. Object\7. Effect\2. Boss_Effect\2. Genesis</Filter>
    </ClCompile>
  </ItemGroup>
</Project>